{
  "version": 4,
  "terraform_version": "1.3.9",
  "serial": 539,
  "lineage": "4cf57bab-16b6-d615-9d59-2283006cbbbe",
  "outputs": {
    "f5vm01_ext_private_ip": {
      "value": "10.31.0.30",
      "type": "string"
    },
    "f5vm01_ext_public_ip": {
      "value": "35.247.19.33",
      "type": "string"
    },
    "f5vm01_mgmt_name": {
      "value": "david-bigip1-f67f",
      "type": "string"
    },
    "f5vm01_mgmt_pip_url": {
      "value": "https://34.168.158.138",
      "type": "string"
    },
    "f5vm01_mgmt_private_ip": {
      "value": "10.30.0.17",
      "type": "string"
    },
    "f5vm01_mgmt_public_ip": {
      "value": "34.168.158.138",
      "type": "string"
    },
    "f5vm02_ext_private_ip": {
      "value": "10.31.0.32",
      "type": "string"
    },
    "f5vm02_ext_public_ip": {
      "value": "34.168.37.78",
      "type": "string"
    },
    "f5vm02_mgmt_name": {
      "value": "david-bigip2-f67f",
      "type": "string"
    },
    "f5vm02_mgmt_pip_url": {
      "value": "https://35.197.114.1",
      "type": "string"
    },
    "f5vm02_mgmt_private_ip": {
      "value": "10.30.0.16",
      "type": "string"
    },
    "f5vm02_mgmt_public_ip": {
      "value": "35.197.114.1",
      "type": "string"
    },
    "public_vip": {
      "value": "35.230.29.51",
      "type": "string"
    },
    "public_vip_url": {
      "value": "http://35.230.29.51",
      "type": "string"
    },
    "storage_bucket": {
      "value": "david-storage-f67f",
      "type": "string"
    }
  },
  "resources": [
    {
      "mode": "managed",
      "type": "google_compute_address",
      "name": "ext",
      "provider": "provider[\"registry.terraform.io/hashicorp/google\"]",
      "instances": [
        {
          "schema_version": 0,
          "attributes": {
            "address": "10.31.0.30",
            "address_type": "INTERNAL",
            "creation_timestamp": "2023-03-16T09:42:55.143-07:00",
            "description": "",
            "id": "projects/f5-gcs-1299-gs-nginx-cnslt/regions/us-west1/addresses/david-bigip-ext-f67f",
            "name": "david-bigip-ext-f67f",
            "network": "",
            "network_tier": "PREMIUM",
            "prefix_length": 0,
            "project": "f5-gcs-1299-gs-nginx-cnslt",
            "purpose": "GCE_ENDPOINT",
            "region": "us-west1",
            "self_link": "https://www.googleapis.com/compute/v1/projects/f5-gcs-1299-gs-nginx-cnslt/regions/us-west1/addresses/david-bigip-ext-f67f",
            "subnetwork": "https://www.googleapis.com/compute/v1/projects/f5-gcs-1299-gs-nginx-cnslt/regions/us-west1/subnetworks/david-subnet-ext",
            "timeouts": null,
            "users": [
              "https://www.googleapis.com/compute/v1/projects/f5-gcs-1299-gs-nginx-cnslt/zones/us-west1-a/instances/david-bigip1-f67f"
            ]
          },
          "sensitive_attributes": [],
          "private": "eyJlMmJmYjczMC1lY2FhLTExZTYtOGY4OC0zNDM2M2JjN2M0YzAiOnsiY3JlYXRlIjoxMjAwMDAwMDAwMDAwLCJkZWxldGUiOjEyMDAwMDAwMDAwMDB9fQ==",
          "dependencies": [
            "random_id.buildSuffix"
          ]
        }
      ]
    },
    {
      "mode": "managed",
      "type": "google_compute_address",
      "name": "ext2",
      "provider": "provider[\"registry.terraform.io/hashicorp/google\"]",
      "instances": [
        {
          "schema_version": 0,
          "attributes": {
            "address": "10.31.0.32",
            "address_type": "INTERNAL",
            "creation_timestamp": "2023-03-16T09:42:55.208-07:00",
            "description": "",
            "id": "projects/f5-gcs-1299-gs-nginx-cnslt/regions/us-west1/addresses/david-bigip2-ext-f67f",
            "name": "david-bigip2-ext-f67f",
            "network": "",
            "network_tier": "PREMIUM",
            "prefix_length": 0,
            "project": "f5-gcs-1299-gs-nginx-cnslt",
            "purpose": "GCE_ENDPOINT",
            "region": "us-west1",
            "self_link": "https://www.googleapis.com/compute/v1/projects/f5-gcs-1299-gs-nginx-cnslt/regions/us-west1/addresses/david-bigip2-ext-f67f",
            "subnetwork": "https://www.googleapis.com/compute/v1/projects/f5-gcs-1299-gs-nginx-cnslt/regions/us-west1/subnetworks/david-subnet-ext",
            "timeouts": null,
            "users": [
              "https://www.googleapis.com/compute/v1/projects/f5-gcs-1299-gs-nginx-cnslt/zones/us-west1-b/instances/david-bigip2-f67f"
            ]
          },
          "sensitive_attributes": [],
          "private": "eyJlMmJmYjczMC1lY2FhLTExZTYtOGY4OC0zNDM2M2JjN2M0YzAiOnsiY3JlYXRlIjoxMjAwMDAwMDAwMDAwLCJkZWxldGUiOjEyMDAwMDAwMDAwMDB9fQ==",
          "dependencies": [
            "random_id.buildSuffix"
          ]
        }
      ]
    },
    {
      "mode": "managed",
      "type": "google_compute_address",
      "name": "int",
      "provider": "provider[\"registry.terraform.io/hashicorp/google\"]",
      "instances": [
        {
          "schema_version": 0,
          "attributes": {
            "address": "10.32.0.17",
            "address_type": "INTERNAL",
            "creation_timestamp": "2023-03-16T09:42:55.133-07:00",
            "description": "",
            "id": "projects/f5-gcs-1299-gs-nginx-cnslt/regions/us-west1/addresses/david-bigip-int-f67f",
            "name": "david-bigip-int-f67f",
            "network": "",
            "network_tier": "PREMIUM",
            "prefix_length": 0,
            "project": "f5-gcs-1299-gs-nginx-cnslt",
            "purpose": "GCE_ENDPOINT",
            "region": "us-west1",
            "self_link": "https://www.googleapis.com/compute/v1/projects/f5-gcs-1299-gs-nginx-cnslt/regions/us-west1/addresses/david-bigip-int-f67f",
            "subnetwork": "https://www.googleapis.com/compute/v1/projects/f5-gcs-1299-gs-nginx-cnslt/regions/us-west1/subnetworks/david-subnet-int",
            "timeouts": null,
            "users": [
              "https://www.googleapis.com/compute/v1/projects/f5-gcs-1299-gs-nginx-cnslt/zones/us-west1-a/instances/david-bigip1-f67f"
            ]
          },
          "sensitive_attributes": [],
          "private": "eyJlMmJmYjczMC1lY2FhLTExZTYtOGY4OC0zNDM2M2JjN2M0YzAiOnsiY3JlYXRlIjoxMjAwMDAwMDAwMDAwLCJkZWxldGUiOjEyMDAwMDAwMDAwMDB9fQ==",
          "dependencies": [
            "random_id.buildSuffix"
          ]
        }
      ]
    },
    {
      "mode": "managed",
      "type": "google_compute_address",
      "name": "int1-2",
      "provider": "provider[\"registry.terraform.io/hashicorp/google\"]",
      "instances": [
        {
          "schema_version": 0,
          "attributes": {
            "address": "10.33.0.17",
            "address_type": "INTERNAL",
            "creation_timestamp": "2023-03-16T09:42:55.143-07:00",
            "description": "",
            "id": "projects/f5-gcs-1299-gs-nginx-cnslt/regions/us-west1/addresses/david-bigip-int2-f67f",
            "name": "david-bigip-int2-f67f",
            "network": "",
            "network_tier": "PREMIUM",
            "prefix_length": 0,
            "project": "f5-gcs-1299-gs-nginx-cnslt",
            "purpose": "GCE_ENDPOINT",
            "region": "us-west1",
            "self_link": "https://www.googleapis.com/compute/v1/projects/f5-gcs-1299-gs-nginx-cnslt/regions/us-west1/addresses/david-bigip-int2-f67f",
            "subnetwork": "https://www.googleapis.com/compute/v1/projects/f5-gcs-1299-gs-nginx-cnslt/regions/us-west1/subnetworks/david-subnet-int2",
            "timeouts": null,
            "users": [
              "https://www.googleapis.com/compute/v1/projects/f5-gcs-1299-gs-nginx-cnslt/zones/us-west1-a/instances/david-bigip1-f67f"
            ]
          },
          "sensitive_attributes": [],
          "private": "eyJlMmJmYjczMC1lY2FhLTExZTYtOGY4OC0zNDM2M2JjN2M0YzAiOnsiY3JlYXRlIjoxMjAwMDAwMDAwMDAwLCJkZWxldGUiOjEyMDAwMDAwMDAwMDB9fQ==",
          "dependencies": [
            "random_id.buildSuffix"
          ]
        }
      ]
    },
    {
      "mode": "managed",
      "type": "google_compute_address",
      "name": "int1-3",
      "provider": "provider[\"registry.terraform.io/hashicorp/google\"]",
      "instances": [
        {
          "schema_version": 0,
          "attributes": {
            "address": "10.34.0.17",
            "address_type": "INTERNAL",
            "creation_timestamp": "2023-03-16T09:42:55.108-07:00",
            "description": "",
            "id": "projects/f5-gcs-1299-gs-nginx-cnslt/regions/us-west1/addresses/david-bigip-int3-f67f",
            "name": "david-bigip-int3-f67f",
            "network": "",
            "network_tier": "PREMIUM",
            "prefix_length": 0,
            "project": "f5-gcs-1299-gs-nginx-cnslt",
            "purpose": "GCE_ENDPOINT",
            "region": "us-west1",
            "self_link": "https://www.googleapis.com/compute/v1/projects/f5-gcs-1299-gs-nginx-cnslt/regions/us-west1/addresses/david-bigip-int3-f67f",
            "subnetwork": "https://www.googleapis.com/compute/v1/projects/f5-gcs-1299-gs-nginx-cnslt/regions/us-west1/subnetworks/david-subnet-int3",
            "timeouts": null,
            "users": [
              "https://www.googleapis.com/compute/v1/projects/f5-gcs-1299-gs-nginx-cnslt/zones/us-west1-a/instances/david-bigip1-f67f"
            ]
          },
          "sensitive_attributes": [],
          "private": "eyJlMmJmYjczMC1lY2FhLTExZTYtOGY4OC0zNDM2M2JjN2M0YzAiOnsiY3JlYXRlIjoxMjAwMDAwMDAwMDAwLCJkZWxldGUiOjEyMDAwMDAwMDAwMDB9fQ==",
          "dependencies": [
            "random_id.buildSuffix"
          ]
        }
      ]
    },
    {
      "mode": "managed",
      "type": "google_compute_address",
      "name": "int2",
      "provider": "provider[\"registry.terraform.io/hashicorp/google\"]",
      "instances": [
        {
          "schema_version": 0,
          "attributes": {
            "address": "10.32.0.16",
            "address_type": "INTERNAL",
            "creation_timestamp": "2023-03-16T09:42:55.131-07:00",
            "description": "",
            "id": "projects/f5-gcs-1299-gs-nginx-cnslt/regions/us-west1/addresses/david-bigip2-int-f67f",
            "name": "david-bigip2-int-f67f",
            "network": "",
            "network_tier": "PREMIUM",
            "prefix_length": 0,
            "project": "f5-gcs-1299-gs-nginx-cnslt",
            "purpose": "GCE_ENDPOINT",
            "region": "us-west1",
            "self_link": "https://www.googleapis.com/compute/v1/projects/f5-gcs-1299-gs-nginx-cnslt/regions/us-west1/addresses/david-bigip2-int-f67f",
            "subnetwork": "https://www.googleapis.com/compute/v1/projects/f5-gcs-1299-gs-nginx-cnslt/regions/us-west1/subnetworks/david-subnet-int",
            "timeouts": null,
            "users": [
              "https://www.googleapis.com/compute/v1/projects/f5-gcs-1299-gs-nginx-cnslt/zones/us-west1-b/instances/david-bigip2-f67f"
            ]
          },
          "sensitive_attributes": [],
          "private": "eyJlMmJmYjczMC1lY2FhLTExZTYtOGY4OC0zNDM2M2JjN2M0YzAiOnsiY3JlYXRlIjoxMjAwMDAwMDAwMDAwLCJkZWxldGUiOjEyMDAwMDAwMDAwMDB9fQ==",
          "dependencies": [
            "random_id.buildSuffix"
          ]
        }
      ]
    },
    {
      "mode": "managed",
      "type": "google_compute_address",
      "name": "int2-2",
      "provider": "provider[\"registry.terraform.io/hashicorp/google\"]",
      "instances": [
        {
          "schema_version": 0,
          "attributes": {
            "address": "10.33.0.18",
            "address_type": "INTERNAL",
            "creation_timestamp": "2023-03-16T09:42:55.211-07:00",
            "description": "",
            "id": "projects/f5-gcs-1299-gs-nginx-cnslt/regions/us-west1/addresses/david-bigip2-int2-f67f",
            "name": "david-bigip2-int2-f67f",
            "network": "",
            "network_tier": "PREMIUM",
            "prefix_length": 0,
            "project": "f5-gcs-1299-gs-nginx-cnslt",
            "purpose": "GCE_ENDPOINT",
            "region": "us-west1",
            "self_link": "https://www.googleapis.com/compute/v1/projects/f5-gcs-1299-gs-nginx-cnslt/regions/us-west1/addresses/david-bigip2-int2-f67f",
            "subnetwork": "https://www.googleapis.com/compute/v1/projects/f5-gcs-1299-gs-nginx-cnslt/regions/us-west1/subnetworks/david-subnet-int2",
            "timeouts": null,
            "users": [
              "https://www.googleapis.com/compute/v1/projects/f5-gcs-1299-gs-nginx-cnslt/zones/us-west1-b/instances/david-bigip2-f67f"
            ]
          },
          "sensitive_attributes": [],
          "private": "eyJlMmJmYjczMC1lY2FhLTExZTYtOGY4OC0zNDM2M2JjN2M0YzAiOnsiY3JlYXRlIjoxMjAwMDAwMDAwMDAwLCJkZWxldGUiOjEyMDAwMDAwMDAwMDB9fQ==",
          "dependencies": [
            "random_id.buildSuffix"
          ]
        }
      ]
    },
    {
      "mode": "managed",
      "type": "google_compute_address",
      "name": "int2-3",
      "provider": "provider[\"registry.terraform.io/hashicorp/google\"]",
      "instances": [
        {
          "schema_version": 0,
          "attributes": {
            "address": "10.34.0.16",
            "address_type": "INTERNAL",
            "creation_timestamp": "2023-03-16T09:42:54.517-07:00",
            "description": "",
            "id": "projects/f5-gcs-1299-gs-nginx-cnslt/regions/us-west1/addresses/david-bigip2-int3-f67f",
            "name": "david-bigip2-int3-f67f",
            "network": "",
            "network_tier": "PREMIUM",
            "prefix_length": 0,
            "project": "f5-gcs-1299-gs-nginx-cnslt",
            "purpose": "GCE_ENDPOINT",
            "region": "us-west1",
            "self_link": "https://www.googleapis.com/compute/v1/projects/f5-gcs-1299-gs-nginx-cnslt/regions/us-west1/addresses/david-bigip2-int3-f67f",
            "subnetwork": "https://www.googleapis.com/compute/v1/projects/f5-gcs-1299-gs-nginx-cnslt/regions/us-west1/subnetworks/david-subnet-int3",
            "timeouts": null,
            "users": [
              "https://www.googleapis.com/compute/v1/projects/f5-gcs-1299-gs-nginx-cnslt/zones/us-west1-b/instances/david-bigip2-f67f"
            ]
          },
          "sensitive_attributes": [],
          "private": "eyJlMmJmYjczMC1lY2FhLTExZTYtOGY4OC0zNDM2M2JjN2M0YzAiOnsiY3JlYXRlIjoxMjAwMDAwMDAwMDAwLCJkZWxldGUiOjEyMDAwMDAwMDAwMDB9fQ==",
          "dependencies": [
            "random_id.buildSuffix"
          ]
        }
      ]
    },
    {
      "mode": "managed",
      "type": "google_compute_address",
      "name": "mgt",
      "provider": "provider[\"registry.terraform.io/hashicorp/google\"]",
      "instances": [
        {
          "schema_version": 0,
          "attributes": {
            "address": "10.30.0.17",
            "address_type": "INTERNAL",
            "creation_timestamp": "2023-03-16T09:42:57.907-07:00",
            "description": "",
            "id": "projects/f5-gcs-1299-gs-nginx-cnslt/regions/us-west1/addresses/david-bigip-mgt-f67f",
            "name": "david-bigip-mgt-f67f",
            "network": "",
            "network_tier": "PREMIUM",
            "prefix_length": 0,
            "project": "f5-gcs-1299-gs-nginx-cnslt",
            "purpose": "GCE_ENDPOINT",
            "region": "us-west1",
            "self_link": "https://www.googleapis.com/compute/v1/projects/f5-gcs-1299-gs-nginx-cnslt/regions/us-west1/addresses/david-bigip-mgt-f67f",
            "subnetwork": "https://www.googleapis.com/compute/v1/projects/f5-gcs-1299-gs-nginx-cnslt/regions/us-west1/subnetworks/david-subnet-mgmt",
            "timeouts": null,
            "users": [
              "https://www.googleapis.com/compute/v1/projects/f5-gcs-1299-gs-nginx-cnslt/zones/us-west1-a/instances/david-bigip1-f67f"
            ]
          },
          "sensitive_attributes": [],
          "private": "eyJlMmJmYjczMC1lY2FhLTExZTYtOGY4OC0zNDM2M2JjN2M0YzAiOnsiY3JlYXRlIjoxMjAwMDAwMDAwMDAwLCJkZWxldGUiOjEyMDAwMDAwMDAwMDB9fQ==",
          "dependencies": [
            "random_id.buildSuffix"
          ]
        }
      ]
    },
    {
      "mode": "managed",
      "type": "google_compute_address",
      "name": "mgt2",
      "provider": "provider[\"registry.terraform.io/hashicorp/google\"]",
      "instances": [
        {
          "schema_version": 0,
          "attributes": {
            "address": "10.30.0.16",
            "address_type": "INTERNAL",
            "creation_timestamp": "2023-03-16T09:42:55.255-07:00",
            "description": "",
            "id": "projects/f5-gcs-1299-gs-nginx-cnslt/regions/us-west1/addresses/david-bigip2-mgt-f67f",
            "name": "david-bigip2-mgt-f67f",
            "network": "",
            "network_tier": "PREMIUM",
            "prefix_length": 0,
            "project": "f5-gcs-1299-gs-nginx-cnslt",
            "purpose": "GCE_ENDPOINT",
            "region": "us-west1",
            "self_link": "https://www.googleapis.com/compute/v1/projects/f5-gcs-1299-gs-nginx-cnslt/regions/us-west1/addresses/david-bigip2-mgt-f67f",
            "subnetwork": "https://www.googleapis.com/compute/v1/projects/f5-gcs-1299-gs-nginx-cnslt/regions/us-west1/subnetworks/david-subnet-mgmt",
            "timeouts": null,
            "users": [
              "https://www.googleapis.com/compute/v1/projects/f5-gcs-1299-gs-nginx-cnslt/zones/us-west1-b/instances/david-bigip2-f67f"
            ]
          },
          "sensitive_attributes": [],
          "private": "eyJlMmJmYjczMC1lY2FhLTExZTYtOGY4OC0zNDM2M2JjN2M0YzAiOnsiY3JlYXRlIjoxMjAwMDAwMDAwMDAwLCJkZWxldGUiOjEyMDAwMDAwMDAwMDB9fQ==",
          "dependencies": [
            "random_id.buildSuffix"
          ]
        }
      ]
    },
    {
      "mode": "managed",
      "type": "google_compute_address",
      "name": "vip",
      "provider": "provider[\"registry.terraform.io/hashicorp/google\"]",
      "instances": [
        {
          "schema_version": 0,
          "attributes": {
            "address": "10.31.0.31",
            "address_type": "INTERNAL",
            "creation_timestamp": "2023-03-16T09:42:55.151-07:00",
            "description": "",
            "id": "projects/f5-gcs-1299-gs-nginx-cnslt/regions/us-west1/addresses/david-bigip-ext-vip-f67f",
            "name": "david-bigip-ext-vip-f67f",
            "network": "",
            "network_tier": "PREMIUM",
            "prefix_length": 0,
            "project": "f5-gcs-1299-gs-nginx-cnslt",
            "purpose": "GCE_ENDPOINT",
            "region": "us-west1",
            "self_link": "https://www.googleapis.com/compute/v1/projects/f5-gcs-1299-gs-nginx-cnslt/regions/us-west1/addresses/david-bigip-ext-vip-f67f",
            "subnetwork": "https://www.googleapis.com/compute/v1/projects/f5-gcs-1299-gs-nginx-cnslt/regions/us-west1/subnetworks/david-subnet-ext",
            "timeouts": null,
            "users": [
              "https://www.googleapis.com/compute/v1/projects/f5-gcs-1299-gs-nginx-cnslt/zones/us-west1-a/instances/david-bigip1-f67f"
            ]
          },
          "sensitive_attributes": [],
          "private": "eyJlMmJmYjczMC1lY2FhLTExZTYtOGY4OC0zNDM2M2JjN2M0YzAiOnsiY3JlYXRlIjoxMjAwMDAwMDAwMDAwLCJkZWxldGUiOjEyMDAwMDAwMDAwMDB9fQ==",
          "dependencies": [
            "random_id.buildSuffix"
          ]
        }
      ]
    },
    {
      "mode": "managed",
      "type": "google_compute_address",
      "name": "vip1",
      "provider": "provider[\"registry.terraform.io/hashicorp/google\"]",
      "instances": [
        {
          "schema_version": 0,
          "attributes": {
            "address": "35.230.29.51",
            "address_type": "EXTERNAL",
            "creation_timestamp": "2023-03-16T09:51:22.722-07:00",
            "description": "",
            "id": "projects/f5-gcs-1299-gs-nginx-cnslt/regions/us-west1/addresses/david-vip1-f67f",
            "name": "david-vip1-f67f",
            "network": "",
            "network_tier": "PREMIUM",
            "prefix_length": 0,
            "project": "f5-gcs-1299-gs-nginx-cnslt",
            "purpose": "",
            "region": "us-west1",
            "self_link": "https://www.googleapis.com/compute/v1/projects/f5-gcs-1299-gs-nginx-cnslt/regions/us-west1/addresses/david-vip1-f67f",
            "subnetwork": "",
            "timeouts": null,
            "users": []
          },
          "sensitive_attributes": [],
          "private": "eyJlMmJmYjczMC1lY2FhLTExZTYtOGY4OC0zNDM2M2JjN2M0YzAiOnsiY3JlYXRlIjoxMjAwMDAwMDAwMDAwLCJkZWxldGUiOjEyMDAwMDAwMDAwMDB9fQ==",
          "dependencies": [
            "random_id.buildSuffix"
          ]
        }
      ]
    },
    {
      "mode": "managed",
      "type": "google_compute_address",
      "name": "vip2",
      "provider": "provider[\"registry.terraform.io/hashicorp/google\"]",
      "instances": [
        {
          "schema_version": 0,
          "attributes": {
            "address": "10.31.0.33",
            "address_type": "INTERNAL",
            "creation_timestamp": "2023-03-16T09:42:57.962-07:00",
            "description": "",
            "id": "projects/f5-gcs-1299-gs-nginx-cnslt/regions/us-west1/addresses/david-bigip2-ext-vip-f67f",
            "name": "david-bigip2-ext-vip-f67f",
            "network": "",
            "network_tier": "PREMIUM",
            "prefix_length": 0,
            "project": "f5-gcs-1299-gs-nginx-cnslt",
            "purpose": "GCE_ENDPOINT",
            "region": "us-west1",
            "self_link": "https://www.googleapis.com/compute/v1/projects/f5-gcs-1299-gs-nginx-cnslt/regions/us-west1/addresses/david-bigip2-ext-vip-f67f",
            "subnetwork": "https://www.googleapis.com/compute/v1/projects/f5-gcs-1299-gs-nginx-cnslt/regions/us-west1/subnetworks/david-subnet-ext",
            "timeouts": null,
            "users": []
          },
          "sensitive_attributes": [],
          "private": "eyJlMmJmYjczMC1lY2FhLTExZTYtOGY4OC0zNDM2M2JjN2M0YzAiOnsiY3JlYXRlIjoxMjAwMDAwMDAwMDAwLCJkZWxldGUiOjEyMDAwMDAwMDAwMDB9fQ==",
          "dependencies": [
            "random_id.buildSuffix"
          ]
        }
      ]
    },
    {
      "mode": "managed",
      "type": "google_compute_forwarding_rule",
      "name": "vip1",
      "provider": "provider[\"registry.terraform.io/hashicorp/google\"]",
      "instances": [
        {
          "schema_version": 0,
          "attributes": {
            "all_ports": false,
            "allow_global_access": false,
            "backend_service": "",
            "creation_timestamp": "2023-03-16T09:51:47.761-07:00",
            "description": "",
            "id": "projects/f5-gcs-1299-gs-nginx-cnslt/regions/us-west1/forwardingRules/david-forwarding-rule-f67f",
            "ip_address": "35.230.29.51",
            "ip_protocol": "TCP",
            "is_mirroring_collector": false,
            "label_fingerprint": "42WmSpB8rSM=",
            "labels": null,
            "load_balancing_scheme": "EXTERNAL",
            "name": "david-forwarding-rule-f67f",
            "network": "",
            "network_tier": "PREMIUM",
            "port_range": "1-65535",
            "ports": null,
            "project": "f5-gcs-1299-gs-nginx-cnslt",
            "psc_connection_id": "",
            "psc_connection_status": "",
            "region": "us-west1",
            "self_link": "https://www.googleapis.com/compute/v1/projects/f5-gcs-1299-gs-nginx-cnslt/regions/us-west1/forwardingRules/david-forwarding-rule-f67f",
            "service_directory_registrations": [],
            "service_label": "",
            "service_name": "",
            "subnetwork": "",
            "target": "projects/f5-gcs-1299-gs-nginx-cnslt/zones/us-west1-a/targetInstances/david-ti-f67f",
            "timeouts": null
          },
          "sensitive_attributes": [],
          "private": "eyJlMmJmYjczMC1lY2FhLTExZTYtOGY4OC0zNDM2M2JjN2M0YzAiOnsiY3JlYXRlIjoxMjAwMDAwMDAwMDAwLCJkZWxldGUiOjEyMDAwMDAwMDAwMDAsInVwZGF0ZSI6MTIwMDAwMDAwMDAwMH19",
          "dependencies": [
            "google_compute_address.ext",
            "google_compute_address.ext2",
            "google_compute_address.int",
            "google_compute_address.int1-2",
            "google_compute_address.int1-3",
            "google_compute_address.mgt",
            "google_compute_address.mgt2",
            "google_compute_address.vip",
            "google_compute_address.vip1",
            "google_compute_target_instance.f5vm01",
            "module.bigip.google_compute_address.external_public_ip",
            "module.bigip.google_compute_address.mgmt_public_ip",
            "module.bigip.google_compute_instance.f5vm01",
            "module.bigip.random_id.module_id",
            "module.bigip.random_string.password",
            "random_id.buildSuffix"
          ]
        }
      ]
    },
    {
      "mode": "managed",
      "type": "google_compute_target_instance",
      "name": "f5vm01",
      "provider": "provider[\"registry.terraform.io/hashicorp/google\"]",
      "instances": [
        {
          "schema_version": 0,
          "attributes": {
            "creation_timestamp": "2023-03-16T09:51:42.986-07:00",
            "description": "",
            "id": "projects/f5-gcs-1299-gs-nginx-cnslt/zones/us-west1-a/targetInstances/david-ti-f67f",
            "instance": "https://www.googleapis.com/compute/v1/projects/f5-gcs-1299-gs-nginx-cnslt/zones/us-west1-a/instances/david-bigip1-f67f",
            "name": "david-ti-f67f",
            "nat_policy": "NO_NAT",
            "project": "f5-gcs-1299-gs-nginx-cnslt",
            "self_link": "https://www.googleapis.com/compute/v1/projects/f5-gcs-1299-gs-nginx-cnslt/zones/us-west1-a/targetInstances/david-ti-f67f",
            "timeouts": null,
            "zone": "https://www.googleapis.com/compute/v1/projects/f5-gcs-1299-gs-nginx-cnslt/zones/us-west1-a"
          },
          "sensitive_attributes": [],
          "private": "eyJlMmJmYjczMC1lY2FhLTExZTYtOGY4OC0zNDM2M2JjN2M0YzAiOnsiY3JlYXRlIjoxMjAwMDAwMDAwMDAwLCJkZWxldGUiOjEyMDAwMDAwMDAwMDB9fQ==",
          "dependencies": [
            "google_compute_address.ext",
            "google_compute_address.ext2",
            "google_compute_address.int",
            "google_compute_address.int1-2",
            "google_compute_address.int1-3",
            "google_compute_address.mgt",
            "google_compute_address.mgt2",
            "google_compute_address.vip",
            "google_compute_address.vip1",
            "module.bigip.google_compute_address.external_public_ip",
            "module.bigip.google_compute_address.mgmt_public_ip",
            "module.bigip.google_compute_instance.f5vm01",
            "module.bigip.random_id.module_id",
            "module.bigip.random_string.password",
            "random_id.buildSuffix"
          ]
        }
      ]
    },
    {
      "mode": "managed",
      "type": "google_compute_target_instance",
      "name": "f5vm02",
      "provider": "provider[\"registry.terraform.io/hashicorp/google\"]",
      "instances": [
        {
          "schema_version": 0,
          "attributes": {
            "creation_timestamp": "2023-03-16T09:51:42.399-07:00",
            "description": "",
            "id": "projects/f5-gcs-1299-gs-nginx-cnslt/zones/us-west1-b/targetInstances/david-ti2-f67f",
            "instance": "https://www.googleapis.com/compute/v1/projects/f5-gcs-1299-gs-nginx-cnslt/zones/us-west1-b/instances/david-bigip2-f67f",
            "name": "david-ti2-f67f",
            "nat_policy": "NO_NAT",
            "project": "f5-gcs-1299-gs-nginx-cnslt",
            "self_link": "https://www.googleapis.com/compute/v1/projects/f5-gcs-1299-gs-nginx-cnslt/zones/us-west1-b/targetInstances/david-ti2-f67f",
            "timeouts": null,
            "zone": "https://www.googleapis.com/compute/v1/projects/f5-gcs-1299-gs-nginx-cnslt/zones/us-west1-b"
          },
          "sensitive_attributes": [],
          "private": "eyJlMmJmYjczMC1lY2FhLTExZTYtOGY4OC0zNDM2M2JjN2M0YzAiOnsiY3JlYXRlIjoxMjAwMDAwMDAwMDAwLCJkZWxldGUiOjEyMDAwMDAwMDAwMDB9fQ==",
          "dependencies": [
            "google_compute_address.ext",
            "google_compute_address.ext2",
            "google_compute_address.int2",
            "google_compute_address.int2-2",
            "google_compute_address.int2-3",
            "google_compute_address.mgt",
            "google_compute_address.mgt2",
            "google_compute_address.vip",
            "google_compute_address.vip1",
            "module.bigip2.google_compute_address.external_public_ip",
            "module.bigip2.google_compute_address.mgmt_public_ip",
            "module.bigip2.google_compute_instance.f5vm01",
            "module.bigip2.random_id.module_id",
            "module.bigip2.random_string.password",
            "random_id.buildSuffix"
          ]
        }
      ]
    },
    {
      "mode": "managed",
      "type": "google_storage_bucket",
      "name": "main",
      "provider": "provider[\"registry.terraform.io/hashicorp/google\"]",
      "instances": [
        {
          "schema_version": 0,
          "attributes": {
            "autoclass": [],
            "cors": [],
            "custom_placement_config": [],
            "default_event_based_hold": false,
            "encryption": [],
            "force_destroy": true,
            "id": "david-storage-f67f",
            "labels": {
              "f5_cloud_failover_label": "myfailover",
              "owner": "adasha"
            },
            "lifecycle_rule": [],
            "location": "US",
            "logging": [],
            "name": "david-storage-f67f",
            "project": "f5-gcs-1299-gs-nginx-cnslt",
            "public_access_prevention": "inherited",
            "requester_pays": false,
            "retention_policy": [],
            "self_link": "https://www.googleapis.com/storage/v1/b/david-storage-f67f",
            "storage_class": "STANDARD",
            "timeouts": null,
            "uniform_bucket_level_access": false,
            "url": "gs://david-storage-f67f",
            "versioning": [],
            "website": []
          },
          "sensitive_attributes": [],
          "private": "eyJlMmJmYjczMC1lY2FhLTExZTYtOGY4OC0zNDM2M2JjN2M0YzAiOnsiY3JlYXRlIjo2MDAwMDAwMDAwMDAsInJlYWQiOjI0MDAwMDAwMDAwMCwidXBkYXRlIjoyNDAwMDAwMDAwMDB9fQ==",
          "dependencies": [
            "random_id.buildSuffix"
          ]
        }
      ]
    },
    {
      "mode": "managed",
      "type": "random_id",
      "name": "buildSuffix",
      "provider": "provider[\"registry.terraform.io/hashicorp/random\"]",
      "instances": [
        {
          "schema_version": 0,
          "attributes": {
            "b64_std": "9n8=",
            "b64_url": "9n8",
            "byte_length": 2,
            "dec": "63103",
            "hex": "f67f",
            "id": "9n8",
            "keepers": null,
            "prefix": null
          },
          "sensitive_attributes": []
        }
      ]
    },
    {
      "module": "module.bigip",
      "mode": "managed",
      "type": "google_compute_address",
      "name": "external_public_ip",
      "provider": "provider[\"registry.terraform.io/hashicorp/google\"]",
      "instances": [
        {
          "index_key": 0,
          "schema_version": 0,
          "attributes": {
            "address": "35.247.19.33",
            "address_type": "EXTERNAL",
            "creation_timestamp": "2023-03-16T09:42:57.800-07:00",
            "description": "",
            "id": "projects/f5-gcs-1299-gs-nginx-cnslt/regions/us-west1/addresses/david-ext-publicip-0-75c6",
            "name": "david-ext-publicip-0-75c6",
            "network": "",
            "network_tier": "PREMIUM",
            "prefix_length": 0,
            "project": "f5-gcs-1299-gs-nginx-cnslt",
            "purpose": "",
            "region": "us-west1",
            "self_link": "https://www.googleapis.com/compute/v1/projects/f5-gcs-1299-gs-nginx-cnslt/regions/us-west1/addresses/david-ext-publicip-0-75c6",
            "subnetwork": "",
            "timeouts": null,
            "users": [
              "https://www.googleapis.com/compute/v1/projects/f5-gcs-1299-gs-nginx-cnslt/zones/us-west1-a/instances/david-bigip1-f67f"
            ]
          },
          "sensitive_attributes": [],
          "private": "eyJlMmJmYjczMC1lY2FhLTExZTYtOGY4OC0zNDM2M2JjN2M0YzAiOnsiY3JlYXRlIjoxMjAwMDAwMDAwMDAwLCJkZWxldGUiOjEyMDAwMDAwMDAwMDB9fQ==",
          "dependencies": [
            "google_compute_address.ext",
            "google_compute_address.vip",
            "module.bigip.random_id.module_id",
            "random_id.buildSuffix"
          ]
        }
      ]
    },
    {
      "module": "module.bigip",
      "mode": "managed",
      "type": "google_compute_address",
      "name": "mgmt_public_ip",
      "provider": "provider[\"registry.terraform.io/hashicorp/google\"]",
      "instances": [
        {
          "index_key": 0,
          "schema_version": 0,
          "attributes": {
            "address": "34.168.158.138",
            "address_type": "EXTERNAL",
            "creation_timestamp": "2023-03-16T09:43:01.211-07:00",
            "description": "",
            "id": "projects/f5-gcs-1299-gs-nginx-cnslt/regions/us-west1/addresses/david-mgmt-publicip-75c6",
            "name": "david-mgmt-publicip-75c6",
            "network": "",
            "network_tier": "PREMIUM",
            "prefix_length": 0,
            "project": "f5-gcs-1299-gs-nginx-cnslt",
            "purpose": "",
            "region": "us-west1",
            "self_link": "https://www.googleapis.com/compute/v1/projects/f5-gcs-1299-gs-nginx-cnslt/regions/us-west1/addresses/david-mgmt-publicip-75c6",
            "subnetwork": "",
            "timeouts": null,
            "users": [
              "https://www.googleapis.com/compute/v1/projects/f5-gcs-1299-gs-nginx-cnslt/zones/us-west1-a/instances/david-bigip1-f67f"
            ]
          },
          "sensitive_attributes": [],
          "private": "eyJlMmJmYjczMC1lY2FhLTExZTYtOGY4OC0zNDM2M2JjN2M0YzAiOnsiY3JlYXRlIjoxMjAwMDAwMDAwMDAwLCJkZWxldGUiOjEyMDAwMDAwMDAwMDB9fQ==",
          "dependencies": [
            "google_compute_address.mgt",
            "module.bigip.random_id.module_id",
            "random_id.buildSuffix"
          ]
        }
      ]
    },
    {
      "module": "module.bigip",
      "mode": "managed",
      "type": "google_compute_instance",
      "name": "f5vm01",
      "provider": "provider[\"registry.terraform.io/hashicorp/google\"]",
      "instances": [
        {
          "schema_version": 6,
          "attributes": {
            "advanced_machine_features": [],
            "allow_stopping_for_update": null,
            "attached_disk": [],
            "boot_disk": [
              {
                "auto_delete": true,
                "device_name": "persistent-disk-0",
                "disk_encryption_key_raw": "",
                "disk_encryption_key_sha256": "",
                "initialize_params": [
                  {
                    "image": "https://www.googleapis.com/compute/v1/projects/f5-7626-networks-public/global/images/f5-bigip-16-1-3-1-0-0-11-payg-best-plus-200mbps-220721054505",
                    "labels": {},
                    "size": 82,
                    "type": "pd-ssd"
                  }
                ],
                "kms_key_self_link": "",
                "mode": "READ_WRITE",
                "source": "https://www.googleapis.com/compute/v1/projects/f5-gcs-1299-gs-nginx-cnslt/zones/us-west1-a/disks/david-bigip1-f67f"
              }
            ],
            "can_ip_forward": true,
            "confidential_instance_config": [],
            "cpu_platform": "Intel Skylake",
            "current_status": "RUNNING",
            "deletion_protection": false,
            "description": "",
            "desired_status": null,
            "enable_display": false,
            "guest_accelerator": [],
            "hostname": "",
            "id": "projects/f5-gcs-1299-gs-nginx-cnslt/zones/us-west1-a/instances/david-bigip1-f67f",
            "instance_id": "2353510380463912929",
            "label_fingerprint": "Ll-1FfTomfM=",
            "labels": {
              "f5_cloud_failover_label": "myfailover"
            },
            "machine_type": "n1-standard-8",
            "metadata": {
              "sshKeys": "ssh-rsa AAAAB3NzaC1yc2EAAAADAQABAAABgQC//1Y8hyMamDUYP+jD31ZtnfZmpTUJsRDIZzNmXa5A1MCNqN1TGNxMjgDOD3jy5+QL1ZYQaMziL7cKzGpkJ+ebKZWHHknXK/dPcagjPeevfdTCjeQR6MGXvWdP/BBDuXK8oqTeFUXWNzK6VFtlpJPSEDA+5wcY/uxdS9prL8tb2waEz/t+RSoCD1uViRfmHy6gA8agzgDc3SfAyIRSzF0CLi1CTJZ8csg0T8KdUvg+R6scIFjG7w2ZxejstW7VHJLuYGRXE9a9DzhFKUXmQ9nesRSaeuk2hdC4cZbQrNtKu1bpX/+oQoY0v5nZhG1IqMZtPO00hgRrKOi9NOQ2PO7yFpKi6NpxST1+Dpknexqxvru4MqG7dqBU+aWbncs5wn3m/cRyTp/FDu4VHVqKAZzTf0lA0uns65grTJarKoC1I1cIe2QojrMyfyLe6+E43OPt3BOYPw210Nhjhro9mRWRO65GSBCZ5wKVqrvvaH0u0ydUsd/bbRhvw3ZZADWIV5k= d.adasha@C02FF3F2MD6P\n"
            },
            "metadata_fingerprint": "huvGSyZ315g=",
            "metadata_startup_script": "#!/bin/bash\n\n# Setup console and startup-script logging\nLOG_FILE=/var/log/cloud/startup-script.log\n[[ -f $LOG_FILE ]] || /usr/bin/touch $LOG_FILE\nnpipe=/tmp/$$.tmp\n/usr/bin/trap \"rm -f $npipe\" EXIT\n/usr/bin/mknod $npipe p\n/usr/bin/tee \u003c$npipe -a $LOG_FILE /dev/ttyS0 \u0026\nexec 1\u003e\u0026-\nexec 1\u003e$npipe\nexec 2\u003e\u00261\n\n# skip startup script if already complete\nif [[ -f /config/startup_finished ]]; then\n  echo \"Onboarding complete, skip startup script\"\n  exit\nfi\n\nmkdir -p  /var/log/cloud /config/cloud /var/config/rest/downloads /var/lib/cloud/icontrollx_installs\n\n### write_files:\n# Download or Render BIG-IP Runtime Init Config\n\n\n# Create runtime configuration on first boot\nif [[ ! -f /config/nicswap_finished ]]; then\ncat \u003c\u003c 'EOF' \u003e /config/cloud/runtime-init-conf.yaml\n---\nruntime_parameters:\n  - name: USER_NAME\n    type: static\n    value: admin\n  - name: SSH_KEYS\n    type: static\n    value: ssh-rsa AAAAB3NzaC1yc2EAAAADAQABAAABgQC//1Y8hyMamDUYP+jD31ZtnfZmpTUJsRDIZzNmXa5A1MCNqN1TGNxMjgDOD3jy5+QL1ZYQaMziL7cKzGpkJ+ebKZWHHknXK/dPcagjPeevfdTCjeQR6MGXvWdP/BBDuXK8oqTeFUXWNzK6VFtlpJPSEDA+5wcY/uxdS9prL8tb2waEz/t+RSoCD1uViRfmHy6gA8agzgDc3SfAyIRSzF0CLi1CTJZ8csg0T8KdUvg+R6scIFjG7w2ZxejstW7VHJLuYGRXE9a9DzhFKUXmQ9nesRSaeuk2hdC4cZbQrNtKu1bpX/+oQoY0v5nZhG1IqMZtPO00hgRrKOi9NOQ2PO7yFpKi6NpxST1+Dpknexqxvru4MqG7dqBU+aWbncs5wn3m/cRyTp/FDu4VHVqKAZzTf0lA0uns65grTJarKoC1I1cIe2QojrMyfyLe6+E43OPt3BOYPw210Nhjhro9mRWRO65GSBCZ5wKVqrvvaH0u0ydUsd/bbRhvw3ZZADWIV5k= d.adasha@C02FF3F2MD6P\n\nEOF\n\nif false; then\n   cat \u003c\u003c 'EOF' \u003e\u003e /config/cloud/runtime-init-conf.yaml\n  - name: ADMIN_PASS\n    type: secret\n    secretProvider:\n      environment: gcp\n      type: SecretsManager\n      version: latest\n      secretId: \nEOF\nelse\n   cat \u003c\u003c 'EOF' \u003e\u003e /config/cloud/runtime-init-conf.yaml\n  - name: ADMIN_PASS\n    type: static\n    value: Dd0543470765\nEOF\nfi\n\n# Add remaining runtime_parameters\ncat \u003c\u003c 'EOF' \u003e\u003e /config/cloud/runtime-init-conf.yaml\n  - name: GATEWAY_EXTERNAL\n    type: metadata\n    metadataProvider:\n      environment: gcp\n      type: network\n      field: ip\n      index: 0\n      ipcalc: first\n  - name: NETWORK_BASE_EXTERNAL\n    type: metadata\n    metadataProvider:\n      environment: gcp\n      type: network\n      field: ip\n      index: 0\n      ipcalc: base\n  - name: NETWORK_MASK_EXTERNAL\n    type: metadata\n    metadataProvider:\n      environment: gcp\n      type: network\n      field: ip\n      index: 0\n      ipcalc: bitmask\n  - name: MTU_EXTERNAL\n    type: url\n    value: http://169.254.169.254/computeMetadata/v1/instance/network-interfaces/0/?recursive=true\n    query: mtu\n    returnType: number\n    headers:\n      - name: Metadata-Flavor\n        value: Google\n  - name: GATEWAY_INTERNAL\n    type: metadata\n    metadataProvider:\n      environment: gcp\n      type: network\n      field: ip\n      index: 2\n      ipcalc: first\n  - name: NETWORK_BASE_INTERNAL\n    type: metadata\n    metadataProvider:\n      environment: gcp\n      type: network\n      field: ip\n      index: 2\n      ipcalc: base\n  - name: NETWORK_MASK_INTERNAL\n    type: metadata\n    metadataProvider:\n      environment: gcp\n      type: network\n      field: ip\n      index: 2\n      ipcalc: bitmask\n  - name: MTU_INTERNAL\n    type: url\n    value: http://169.254.169.254/computeMetadata/v1/instance/network-interfaces/2/?recursive=true\n    query: mtu\n    returnType: number\n    headers:\n      - name: Metadata-Flavor\n        value: Google\n  - name: GATEWAY_INTERNAL2\n    type: metadata\n    metadataProvider:\n      environment: gcp\n      type: network\n      field: ip\n      index: 3\n      ipcalc: first\n  - name: NETWORK_BASE_INTERNAL2\n    type: metadata\n    metadataProvider:\n      environment: gcp\n      type: network\n      field: ip\n      index: 3\n      ipcalc: base\n  - name: NETWORK_MASK_INTERNAL2\n    type: metadata\n    metadataProvider:\n      environment: gcp\n      type: network\n      field: ip\n      index: 3\n      ipcalc: bitmask\n  - name: MTU_INTERNAL2\n    type: url\n    value: http://169.254.169.254/computeMetadata/v1/instance/network-interfaces/3/?recursive=true\n    query: mtu\n    returnType: number\n    headers:\n      - name: Metadata-Flavor\n        value: Google\n  - name: GATEWAY_INTERNAL3\n    type: metadata\n    metadataProvider:\n      environment: gcp\n      type: network\n      field: ip\n      index: 4\n      ipcalc: first\n  - name: NETWORK_BASE_INTERNAL3\n    type: metadata\n    metadataProvider:\n      environment: gcp\n      type: network\n      field: ip\n      index: 4\n      ipcalc: base\n  - name: NETWORK_MASK_INTERNAL3\n    type: metadata\n    metadataProvider:\n      environment: gcp\n      type: network\n      field: ip\n      index: 4\n      ipcalc: bitmask\n  - name: MTU_INTERNAL3\n    type: url\n    value: http://169.254.169.254/computeMetadata/v1/instance/network-interfaces/4/?recursive=true\n    query: mtu\n    returnType: number\n    headers:\n      - name: Metadata-Flavor\n        value: Google\n  - name: SELF_IP_EXTERNAL\n    type: metadata\n    metadataProvider:\n      environment: gcp\n      type: network\n      field: ip\n      index: 0\n      ipcalc: address\n  - name: SELF_IP_INTERNAL\n    type: metadata\n    metadataProvider:\n      environment: gcp\n      type: network\n      field: ip\n      index: 2\n      ipcalc: address\n  - name: SELF_IP_INTERNAL2\n    type: metadata\n    metadataProvider:\n      environment: gcp\n      type: network\n      field: ip\n      index: 3\n      ipcalc: address\n  - name: SELF_IP_INTERNAL3\n    type: metadata\n    metadataProvider:\n      environment: gcp\n      type: network\n      field: ip\n      index: 4\n      ipcalc: address\n  - name: DNS_SERVER\n    type: static\n    value: 169.254.169.254\n  - name: DNS_SUFFIX\n    type: static\n    value: example.com\n  - name: NTP_SERVER\n    type: static\n    value: 0.us.pool.ntp.org\n  - name: TIMEZONE\n    type: static\n    value: UTC\n  - name: HOST_NAME\n    type: url\n    value: http://169.254.169.254/computeMetadata/v1/instance/hostname\n    headers:\n      - name: Metadata-Flavor\n        value: Google\n  - name: HOST1\n    type: static\n    value: 10.30.0.17\n  - name: HOST2\n    type: static\n    value: 10.30.0.16\n  - name: FAILOVER_LABEL\n    type: static\n    value: myfailover\n  - name: MANAGED_ROUTE\n    type: static\n    value: 192.0.2.0/24\n  - name: REMOTE_SELF_IP_EXTERNAL\n    type: static\n    value: 10.31.0.32\n  - name: PUBLIC_VIP\n    type: static\n    value: 35.230.29.51\n  - name: PRIVATE_VIP\n    type: static\n    value: 10.31.0.31\npre_onboard_enabled:\n  - name: provision_rest\n    type: inline\n    commands:\n      - /usr/bin/setdb provision.extramb 1024\n      - /usr/bin/setdb restjavad.useextramb true\n      - /usr/bin/setdb setup.run false\nextension_packages:\n  install_operations:\n    - extensionType: do\n      extensionVersion: v1.34.0\n      extensionUrl: https://github.com/F5Networks/f5-declarative-onboarding/releases/download/v1.34.0/f5-declarative-onboarding-1.34.0-5.noarch.rpm\n    - extensionType: as3\n      extensionVersion: v3.41.0\n      extensionUrl: https://github.com/F5Networks/f5-appsvcs-extension/releases/download/v3.41.0/f5-appsvcs-3.41.0-1.noarch.rpm\n    - extensionType: cf\n      extensionVersion: v1.13.0\n      extensionUrl: https://github.com/F5Networks/f5-cloud-failover-extension/releases/download/v1.13.0/f5-cloud-failover-1.13.0-0.noarch.rpm\nextension_services:\n  service_operations:\n    - extensionType: do\n      type: inline\n      value:\n        schemaVersion: 1.0.0\n        class: Device\n        async: true\n        label: Onboard BIG-IP into an HA Pair\n        Common:\n          class: Tenant\n          dbVars:\n            class: DbVariables\n            restjavad.useextramb: true\n            provision.extramb: 1024\n            config.allow.rfc3927: enable\n            ui.advisory.enabled: true\n            ui.advisory.color: blue\n            ui.advisory.text: '{{{ HOST_NAME }}}'\n          mySystem:\n            autoPhonehome: true\n            class: System\n            hostname: '{{{ HOST_NAME }}}'\n          '{{{ USER_NAME }}}':\n            class: User\n            partitionAccess:\n              all-partitions:\n                role: admin\n            password: '{{{ ADMIN_PASS }}}'\n            shell: bash\n            userType: regular\n            keys:\n              - '{{{ SSH_KEYS }}}'\n          myDns:\n            class: DNS\n            nameServers:\n              - '{{{ DNS_SERVER }}}'\n            search:\n              - '{{{ DNS_SUFFIX }}}'\n              - f5.com\n          myNtp:\n            class: NTP\n            servers:\n              - '{{{ NTP_SERVER }}}'\n              - 1.pool.ntp.org\n              - 2.pool.ntp.org\n            timezone: '{{{ TIMEZONE }}}'\n          myProvisioning:\n            class: Provision\n            ltm: nominal\n          external:\n            class: VLAN\n            tag: 4094\n            mtu: '{{{ MTU_EXTERNAL }}}'\n            interfaces:\n              - name: '1.0'\n                tagged: false\n          external-localself:\n            class: SelfIp\n            address: '{{{ SELF_IP_EXTERNAL }}}/32'\n            vlan: external\n            allowService: default\n            trafficGroup: traffic-group-local-only\n          internal:\n            class: VLAN\n            tag: 4093\n            mtu: '{{{ MTU_INTERNAL }}}'\n            interfaces:\n              - name: '1.2'\n                tagged: false\n          internal-localself:\n            class: SelfIp\n            address: '{{{ SELF_IP_INTERNAL }}}/32'\n            vlan: internal\n            allowService: default\n            trafficGroup: traffic-group-local-only\n          internal2:\n            class: VLAN\n            tag: 4090\n            mtu: '{{{ MTU_INTERNAL2 }}}'\n            interfaces:\n              - name: '1.3'\n                tagged: false\n          internal2-localself:\n            class: SelfIp\n            address: '{{{ SELF_IP_INTERNAL2 }}}/32'\n            vlan: internal2\n            allowService: default\n            trafficGroup: traffic-group-local-only\n          internal3:\n            class: VLAN\n            tag: 4091\n            mtu: '{{{ MTU_INTERNAL2 }}}'\n            interfaces:\n              - name: '1.4'\n                tagged: false\n          internal3-localself:\n            class: SelfIp\n            address: '{{{ SELF_IP_INTERNAL3 }}}/32'\n            vlan: internal3\n            allowService: default\n            trafficGroup: traffic-group-local-only\n          ext_gw_interface:\n            class: Route\n            target: external\n            network: '{{{ GATEWAY_EXTERNAL }}}/32'\n            mtu: '{{{ MTU_EXTERNAL }}}'\n          ext_rt:\n            class: Route\n            gw: '{{{ GATEWAY_EXTERNAL }}}'\n            network: '{{{ NETWORK_BASE_EXTERNAL }}}/{{{ NETWORK_MASK_EXTERNAL }}}'\n            mtu: '{{{ MTU_EXTERNAL }}}'\n          default:\n            class: Route\n            gw: '{{{ GATEWAY_EXTERNAL }}}'\n            network: default\n            mtu: '{{{ MTU_EXTERNAL }}}'\n          int_gw_interface:\n            class: Route\n            target: internal\n            network: '{{{ GATEWAY_INTERNAL }}}/32'\n            mtu: '{{{ MTU_INTERNAL }}}'\n          int_rt:\n            class: Route\n            gw: '{{{ GATEWAY_INTERNAL }}}'\n            network: '{{{ NETWORK_BASE_INTERNAL }}}/{{{ NETWORK_MASK_INTERNAL }}}'\n            mtu: '{{{ MTU_INTERNAL }}}'\n          int2_gw_interface:\n            class: Route\n            target: internal2\n            network: '{{{ GATEWAY_INTERNAL2 }}}/32'\n            mtu: '{{{ MTU_INTERNAL2 }}}'\n          int2_rt:\n            class: Route\n            gw: '{{{ GATEWAY_INTERNAL2 }}}'\n            network: '{{{ NETWORK_BASE_INTERNAL2 }}}/{{{ NETWORK_MASK_INTERNAL2 }}}'\n            mtu: '{{{ MTU_INTERNAL2 }}}'\n          int3_gw_interface:\n            class: Route\n            target: internal3\n            network: '{{{ GATEWAY_INTERNAL3 }}}/32'\n            mtu: '{{{ MTU_INTERNAL3 }}}'\n          int3_rt:\n            class: Route\n            gw: '{{{ GATEWAY_INTERNAL3 }}}'\n            network: '{{{ NETWORK_BASE_INTERNAL3 }}}/{{{ NETWORK_MASK_INTERNAL3 }}}'\n            mtu: '{{{ MTU_INTERNAL3 }}}'\n          configsync:\n            class: ConfigSync\n            configsyncIp: /Common/internal-localself/address\n          failoverAddress:\n            class: FailoverUnicast\n            address: /Common/internal-localself/address\n          failoverGroup:\n            class: DeviceGroup\n            type: sync-failover\n            members:\n              - '{{{ HOST1 }}}'\n              - '{{{ HOST2 }}}'\n            owner: /Common/failoverGroup/members/0\n            autoSync: true\n            saveOnAutoSync: false\n            networkFailover: true\n            fullLoadOnSync: false\n            asmSync: false\n          trust:\n            class: DeviceTrust\n            localUsername: '{{{ USER_NAME }}}'\n            localPassword: '{{{ ADMIN_PASS }}}'\n            remoteHost: /Common/failoverGroup/members/0\n            remoteUsername: '{{{ USER_NAME }}}'\n            remotePassword: '{{{ ADMIN_PASS }}}'\n    - extensionType: cf\n      type: inline\n      value:\n        class: Cloud_Failover\n        environment: gcp\n        externalStorage:\n          scopingTags:\n            f5_cloud_failover_label: '{{{ FAILOVER_LABEL }}}'\n        failoverAddresses:\n          enabled: true\n          scopingTags:\n            f5_cloud_failover_label: '{{{ FAILOVER_LABEL }}}'\n        failoverRoutes:\n          enabled: true\n          scopingTags:\n            f5_cloud_failover_label: '{{{ FAILOVER_LABEL }}}'\n          scopingAddressRanges:\n            - range: '{{{ MANAGED_ROUTE }}}'\n          defaultNextHopAddresses:\n            discoveryType: static\n            items:\n              - '{{{ SELF_IP_EXTERNAL }}}'\n              - '{{{ REMOTE_SELF_IP_EXTERNAL }}}'\n    - extensionType: as3\n      type: inline\n      value:\n        class: AS3\n        action: deploy\n        persist: true\n        declaration:\n          class: ADC\n          schemaVersion: 3.0.0\n          label: Sample 1\n          remark: A HTTP sample application\n          Tenant_1:\n            class: Tenant\n            A1:\n              class: Application\n              template: http\n              serviceMain:\n                class: Service_HTTP\n                virtualAddresses:\n                  - '{{{ PUBLIC_VIP }}}'\n                  - '{{{ PRIVATE_VIP }}}'\n                pool: web_pool\n              web_pool:\n                class: Pool\n                monitors:\n                  - tcp\n                members:\n                  - servicePort: 80\n                    addressDiscovery: fqdn\n                    autoPopulate: true\n                    hostname: httpbin.org\npost_onboard_enabled:\n  - name: trigger_failover\n    type: inline\n    commands:\n    - $(nohup bash /config/failover/tgactive \u0026\u003e/dev/null \u0026)\n    - $(nohup tmsh modify cm device-group failoverGroup devices modify { '{{{ HOST2 }}}' { set-sync-leader } } \u0026\u003e/dev/null \u0026)\n    - tmsh save sys config\nEOF\nfi\n\n# Create nic_swap script when multi nic on first boot\nCOMPUTE_BASE_URL=\"http://metadata.google.internal/computeMetadata/v1\"\n\nif [[ true \u0026\u0026 ! -f /config/nicswap_finished ]]; then\n   cat \u003c\u003c 'EOF' \u003e\u003e /config/cloud/nic_swap.sh\n   #!/bin/bash\n   source /usr/lib/bigstart/bigip-ready-functions\n   wait_bigip_ready\n   echo \"before nic swapping\"\n   tmsh list sys db provision.1nicautoconfig\n   tmsh list sys db provision.managementeth\n   echo \"after nic swapping\"\n   bigstart stop tmm\n   tmsh modify sys db provision.managementeth value eth1\n   tmsh modify sys db provision.1nicautoconfig value disable\n   bigstart start tmm\n   wait_bigip_ready\n   echo \"---Mgmt interface setting---\"\n   tmsh list sys db provision.managementeth\n   tmsh list sys db provision.1nicautoconfig\n   sed -i \"s/iface0=eth0/iface0=eth1/g\" /etc/ts/common/image.cfg\n   echo \"Done changing interface\"\n   echo \"Set TMM networks\"\n   MGMTADDRESS=$(curl -s -f --retry 10 -H \"Metadata-Flavor: Google\" http://metadata.google.internal/computeMetadata/v1/instance/network-interfaces/1/ip)\n   MGMTMASK=$(curl -s -f --retry 10 -H \"Metadata-Flavor: Google\" http://metadata.google.internal/computeMetadata/v1/instance/network-interfaces/1/subnetmask)\n   MGMTGATEWAY=$(curl -s -f --retry 10 -H \"Metadata-Flavor: Google\" http://metadata.google.internal/computeMetadata/v1/instance/network-interfaces/1/gateway)\n   MGMTMTU=$(curl -s -f --retry 10 -H \"Metadata-Flavor: Google\" http://metadata.google.internal/computeMetadata/v1/instance/network-interfaces/1/mtu)\n   MGMTNETWORK=$(/bin/ipcalc -n $MGMTADDRESS $MGMTMASK | cut -d= -f2)\n   echo $MGMTADDRESS\n   echo $MGMTMASK\n   echo $MGMTGATEWAY\n   echo $MGMTMTU\n   echo $MGMTNETWORK\n   tmsh modify sys global-settings gui-setup disabled\n   tmsh modify sys global-settings mgmt-dhcp disabled\n   tmsh delete sys management-route all\n   tmsh delete sys management-ip all\n   tmsh create sys management-ip ${MGMTADDRESS}/32\n   tmsh create sys management-route mgmt_gw network ${MGMTGATEWAY}/32 type interface mtu ${MGMTMTU}\n   tmsh create sys management-route mgmt_net network ${MGMTNETWORK}/${MGMTMASK} gateway ${MGMTGATEWAY} mtu ${MGMTMTU}\n   tmsh create sys management-route default gateway ${MGMTGATEWAY} mtu ${MGMTMTU}\n   tmsh modify sys global-settings remote-host add { metadata.google.internal { hostname metadata.google.internal addr 169.254.169.254 } }\n   tmsh modify sys management-dhcp sys-mgmt-dhcp-config request-options delete { ntp-servers }\n   # JeffGiroux - Use GCP metadata server for DNS during onboarding\n   tmsh modify sys dns name-servers add { 169.254.169.254 }\n   tmsh save /sys config\n   /usr/bin/touch /config/nicswap_finished\n   reboot\nEOF\nfi\n\n# Create run_runtime_init.sh script on first boot\nif [[ ! -f /config/nicswap_finished ]]; then\n  cat \u003c\u003c 'EOF' \u003e\u003e /config/cloud/run_runtime_init.sh\n  #!/bin/bash\n  source /usr/lib/bigstart/bigip-ready-functions\n  wait_bigip_ready\n  for i in {1..30}; do\n    curl -fv --retry 1 --connect-timeout 5 -L https://cdn.f5.com/product/cloudsolutions/f5-bigip-runtime-init/v1.5.1/dist/f5-bigip-runtime-init-1.5.1-1.gz.run -o \"/var/config/rest/downloads/f5-bigip-runtime-init.gz.run\" \u0026\u0026 break || sleep 10\n  done\n  bash /var/config/rest/downloads/f5-bigip-runtime-init.gz.run -- '--cloud gcp' 2\u003e\u00261\n  /usr/local/bin/f5-bigip-runtime-init --config-file /config/cloud/runtime-init-conf.yaml 2\u003e\u00261\n  /usr/bin/touch /config/startup_finished\nEOF\nfi\n\n# Run scripts based on number of nics\nif true; then\n  if [[ -f /config/nicswap_finished ]]; then\n    echo \"Running run_runtime_init.sh\"\n    chmod +x /config/cloud/run_runtime_init.sh\n    nohup /config/cloud/run_runtime_init.sh \u0026\n  else\n    chmod +x /config/cloud/nic_swap.sh\n    nohup /config/cloud/nic_swap.sh \u0026\n  fi\nelse\n    echo \"Running run_runtime_init.sh\"\n    chmod +x /config/cloud/run_runtime_init.sh\n    nohup /config/cloud/run_runtime_init.sh \u0026\nfi",
            "min_cpu_platform": "Intel Skylake",
            "name": "david-bigip1-f67f",
            "network_interface": [
              {
                "access_config": [
                  {
                    "nat_ip": "35.247.19.33",
                    "network_tier": "PREMIUM",
                    "public_ptr_domain_name": ""
                  }
                ],
                "alias_ip_range": [
                  {
                    "ip_cidr_range": "10.31.0.31/32",
                    "subnetwork_range_name": ""
                  }
                ],
                "ipv6_access_config": [],
                "ipv6_access_type": "",
                "name": "nic0",
                "network": "https://www.googleapis.com/compute/v1/projects/f5-gcs-1299-gs-nginx-cnslt/global/networks/david-net-ext",
                "network_ip": "10.31.0.30",
                "nic_type": "",
                "queue_count": 0,
                "stack_type": "IPV4_ONLY",
                "subnetwork": "https://www.googleapis.com/compute/v1/projects/f5-gcs-1299-gs-nginx-cnslt/regions/us-west1/subnetworks/david-subnet-ext",
                "subnetwork_project": "f5-gcs-1299-gs-nginx-cnslt"
              },
              {
                "access_config": [
                  {
                    "nat_ip": "34.168.158.138",
                    "network_tier": "PREMIUM",
                    "public_ptr_domain_name": ""
                  }
                ],
                "alias_ip_range": [],
                "ipv6_access_config": [],
                "ipv6_access_type": "",
                "name": "nic1",
                "network": "https://www.googleapis.com/compute/v1/projects/f5-gcs-1299-gs-nginx-cnslt/global/networks/david-net-mgmt",
                "network_ip": "10.30.0.17",
                "nic_type": "",
                "queue_count": 0,
                "stack_type": "IPV4_ONLY",
                "subnetwork": "https://www.googleapis.com/compute/v1/projects/f5-gcs-1299-gs-nginx-cnslt/regions/us-west1/subnetworks/david-subnet-mgmt",
                "subnetwork_project": "f5-gcs-1299-gs-nginx-cnslt"
              },
              {
                "access_config": [],
                "alias_ip_range": [],
                "ipv6_access_config": [],
                "ipv6_access_type": "",
                "name": "nic2",
                "network": "https://www.googleapis.com/compute/v1/projects/f5-gcs-1299-gs-nginx-cnslt/global/networks/david-net-int",
                "network_ip": "10.32.0.17",
                "nic_type": "",
                "queue_count": 0,
                "stack_type": "IPV4_ONLY",
                "subnetwork": "https://www.googleapis.com/compute/v1/projects/f5-gcs-1299-gs-nginx-cnslt/regions/us-west1/subnetworks/david-subnet-int",
                "subnetwork_project": "f5-gcs-1299-gs-nginx-cnslt"
              },
              {
                "access_config": [],
                "alias_ip_range": [],
                "ipv6_access_config": [],
                "ipv6_access_type": "",
                "name": "nic3",
                "network": "https://www.googleapis.com/compute/v1/projects/f5-gcs-1299-gs-nginx-cnslt/global/networks/david-net-int2",
                "network_ip": "10.33.0.17",
                "nic_type": "",
                "queue_count": 0,
                "stack_type": "IPV4_ONLY",
                "subnetwork": "https://www.googleapis.com/compute/v1/projects/f5-gcs-1299-gs-nginx-cnslt/regions/us-west1/subnetworks/david-subnet-int2",
                "subnetwork_project": "f5-gcs-1299-gs-nginx-cnslt"
              },
              {
                "access_config": [],
                "alias_ip_range": [],
                "ipv6_access_config": [],
                "ipv6_access_type": "",
                "name": "nic4",
                "network": "https://www.googleapis.com/compute/v1/projects/f5-gcs-1299-gs-nginx-cnslt/global/networks/david-net-int3",
                "network_ip": "10.34.0.17",
                "nic_type": "",
                "queue_count": 0,
                "stack_type": "IPV4_ONLY",
                "subnetwork": "https://www.googleapis.com/compute/v1/projects/f5-gcs-1299-gs-nginx-cnslt/regions/us-west1/subnetworks/david-subnet-int3",
                "subnetwork_project": "f5-gcs-1299-gs-nginx-cnslt"
              }
            ],
            "project": "f5-gcs-1299-gs-nginx-cnslt",
            "reservation_affinity": [],
            "resource_policies": null,
            "scheduling": [
              {
                "automatic_restart": true,
                "instance_termination_action": "",
                "min_node_cpus": 0,
                "node_affinities": [],
                "on_host_maintenance": "MIGRATE",
                "preemptible": false,
                "provisioning_model": "STANDARD"
              }
            ],
            "scratch_disk": [],
            "self_link": "https://www.googleapis.com/compute/v1/projects/f5-gcs-1299-gs-nginx-cnslt/zones/us-west1-a/instances/david-bigip1-f67f",
            "service_account": [
              {
                "email": "david-sa@f5-gcs-1299-gs-nginx-cnslt.iam.gserviceaccount.com",
                "scopes": [
                  "https://www.googleapis.com/auth/cloud-platform"
                ]
              }
            ],
            "shielded_instance_config": [],
            "tags": null,
            "tags_fingerprint": "42WmSpB8rSM=",
            "timeouts": null,
            "zone": "us-west1-a"
          },
          "sensitive_attributes": [],
          "private": "eyJlMmJmYjczMC1lY2FhLTExZTYtOGY4OC0zNDM2M2JjN2M0YzAiOnsiY3JlYXRlIjoxMjAwMDAwMDAwMDAwLCJkZWxldGUiOjEyMDAwMDAwMDAwMDAsInVwZGF0ZSI6MTIwMDAwMDAwMDAwMH0sInNjaGVtYV92ZXJzaW9uIjoiNiJ9",
          "dependencies": [
            "google_compute_address.ext",
            "google_compute_address.ext2",
            "google_compute_address.int",
            "google_compute_address.int1-2",
            "google_compute_address.int1-3",
            "google_compute_address.mgt",
            "google_compute_address.mgt2",
            "google_compute_address.vip",
            "google_compute_address.vip1",
            "module.bigip.google_compute_address.external_public_ip",
            "module.bigip.google_compute_address.mgmt_public_ip",
            "module.bigip.random_id.module_id",
            "module.bigip.random_string.password",
            "random_id.buildSuffix"
          ]
        }
      ]
    },
    {
      "module": "module.bigip",
      "mode": "managed",
      "type": "random_id",
      "name": "module_id",
      "provider": "provider[\"registry.terraform.io/hashicorp/random\"]",
      "instances": [
        {
          "schema_version": 0,
          "attributes": {
            "b64_std": "dcY=",
            "b64_url": "dcY",
            "byte_length": 2,
            "dec": "30150",
            "hex": "75c6",
            "id": "dcY",
            "keepers": null,
            "prefix": null
          },
          "sensitive_attributes": []
        }
      ]
    },
    {
      "module": "module.bigip",
      "mode": "managed",
      "type": "random_string",
      "name": "password",
      "provider": "provider[\"registry.terraform.io/hashicorp/random\"]",
      "instances": [
        {
          "schema_version": 2,
          "attributes": {
            "id": "dbJsfT5acH8AOWVT",
            "keepers": null,
            "length": 16,
            "lower": true,
            "min_lower": 1,
            "min_numeric": 1,
            "min_special": 0,
            "min_upper": 1,
            "number": true,
            "numeric": true,
            "override_special": null,
            "result": "dbJsfT5acH8AOWVT",
            "special": false,
            "upper": true
          },
          "sensitive_attributes": []
        }
      ]
    },
    {
      "module": "module.bigip",
      "mode": "managed",
      "type": "random_string",
      "name": "sa_role",
      "provider": "provider[\"registry.terraform.io/hashicorp/random\"]",
      "instances": [
        {
          "schema_version": 2,
          "attributes": {
            "id": "bhijkdohdehptljy",
            "keepers": null,
            "length": 16,
            "lower": true,
            "min_lower": 1,
            "min_numeric": 0,
            "min_special": 0,
            "min_upper": 0,
            "number": false,
            "numeric": false,
            "override_special": null,
            "result": "bhijkdohdehptljy",
            "special": false,
            "upper": false
          },
          "sensitive_attributes": []
        }
      ]
    },
    {
      "module": "module.bigip",
      "mode": "managed",
      "type": "time_sleep",
      "name": "wait_for_google_compute_instance_f5vm",
      "provider": "provider[\"registry.terraform.io/hashicorp/time\"]",
      "instances": [
        {
          "schema_version": 0,
          "attributes": {
            "create_duration": "30s",
            "destroy_duration": null,
            "id": "2023-03-16T16:48:17Z",
            "triggers": null
          },
          "sensitive_attributes": [],
          "dependencies": [
            "google_compute_address.ext",
            "google_compute_address.ext2",
            "google_compute_address.int",
            "google_compute_address.int1-2",
            "google_compute_address.int1-3",
            "google_compute_address.mgt",
            "google_compute_address.mgt2",
            "google_compute_address.vip",
            "google_compute_address.vip1",
            "module.bigip.google_compute_address.external_public_ip",
            "module.bigip.google_compute_address.mgmt_public_ip",
            "module.bigip.google_compute_instance.f5vm01",
            "module.bigip.random_id.module_id",
            "module.bigip.random_string.password",
            "random_id.buildSuffix"
          ]
        }
      ]
    },
    {
      "module": "module.bigip2",
      "mode": "managed",
      "type": "google_compute_address",
      "name": "external_public_ip",
      "provider": "provider[\"registry.terraform.io/hashicorp/google\"]",
      "instances": [
        {
          "index_key": 0,
          "schema_version": 0,
          "attributes": {
            "address": "34.168.37.78",
            "address_type": "EXTERNAL",
            "creation_timestamp": "2023-03-16T09:43:08.104-07:00",
            "description": "",
            "id": "projects/f5-gcs-1299-gs-nginx-cnslt/regions/us-west1/addresses/david-ext-publicip-0-4ce7",
            "name": "david-ext-publicip-0-4ce7",
            "network": "",
            "network_tier": "PREMIUM",
            "prefix_length": 0,
            "project": "f5-gcs-1299-gs-nginx-cnslt",
            "purpose": "",
            "region": "us-west1",
            "self_link": "https://www.googleapis.com/compute/v1/projects/f5-gcs-1299-gs-nginx-cnslt/regions/us-west1/addresses/david-ext-publicip-0-4ce7",
            "subnetwork": "",
            "timeouts": null,
            "users": [
              "https://www.googleapis.com/compute/v1/projects/f5-gcs-1299-gs-nginx-cnslt/zones/us-west1-b/instances/david-bigip2-f67f"
            ]
          },
          "sensitive_attributes": [],
          "private": "eyJlMmJmYjczMC1lY2FhLTExZTYtOGY4OC0zNDM2M2JjN2M0YzAiOnsiY3JlYXRlIjoxMjAwMDAwMDAwMDAwLCJkZWxldGUiOjEyMDAwMDAwMDAwMDB9fQ==",
          "dependencies": [
            "google_compute_address.ext2",
            "module.bigip2.random_id.module_id",
            "random_id.buildSuffix"
          ]
        }
      ]
    },
    {
      "module": "module.bigip2",
      "mode": "managed",
      "type": "google_compute_address",
      "name": "mgmt_public_ip",
      "provider": "provider[\"registry.terraform.io/hashicorp/google\"]",
      "instances": [
        {
          "index_key": 0,
          "schema_version": 0,
          "attributes": {
            "address": "35.197.114.1",
            "address_type": "EXTERNAL",
            "creation_timestamp": "2023-03-16T09:42:58.731-07:00",
            "description": "",
            "id": "projects/f5-gcs-1299-gs-nginx-cnslt/regions/us-west1/addresses/david-mgmt-publicip-4ce7",
            "name": "david-mgmt-publicip-4ce7",
            "network": "",
            "network_tier": "PREMIUM",
            "prefix_length": 0,
            "project": "f5-gcs-1299-gs-nginx-cnslt",
            "purpose": "",
            "region": "us-west1",
            "self_link": "https://www.googleapis.com/compute/v1/projects/f5-gcs-1299-gs-nginx-cnslt/regions/us-west1/addresses/david-mgmt-publicip-4ce7",
            "subnetwork": "",
            "timeouts": null,
            "users": [
              "https://www.googleapis.com/compute/v1/projects/f5-gcs-1299-gs-nginx-cnslt/zones/us-west1-b/instances/david-bigip2-f67f"
            ]
          },
          "sensitive_attributes": [],
          "private": "eyJlMmJmYjczMC1lY2FhLTExZTYtOGY4OC0zNDM2M2JjN2M0YzAiOnsiY3JlYXRlIjoxMjAwMDAwMDAwMDAwLCJkZWxldGUiOjEyMDAwMDAwMDAwMDB9fQ==",
          "dependencies": [
            "google_compute_address.mgt2",
            "module.bigip2.random_id.module_id",
            "random_id.buildSuffix"
          ]
        }
      ]
    },
    {
      "module": "module.bigip2",
      "mode": "managed",
      "type": "google_compute_instance",
      "name": "f5vm01",
      "provider": "provider[\"registry.terraform.io/hashicorp/google\"]",
      "instances": [
        {
          "schema_version": 6,
          "attributes": {
            "advanced_machine_features": [],
            "allow_stopping_for_update": null,
            "attached_disk": [],
            "boot_disk": [
              {
                "auto_delete": true,
                "device_name": "persistent-disk-0",
                "disk_encryption_key_raw": "",
                "disk_encryption_key_sha256": "",
                "initialize_params": [
                  {
                    "image": "https://www.googleapis.com/compute/v1/projects/f5-7626-networks-public/global/images/f5-bigip-16-1-3-1-0-0-11-payg-best-plus-200mbps-220721054505",
                    "labels": {},
                    "size": 82,
                    "type": "pd-ssd"
                  }
                ],
                "kms_key_self_link": "",
                "mode": "READ_WRITE",
                "source": "https://www.googleapis.com/compute/v1/projects/f5-gcs-1299-gs-nginx-cnslt/zones/us-west1-b/disks/david-bigip2-f67f"
              }
            ],
            "can_ip_forward": true,
            "confidential_instance_config": [],
            "cpu_platform": "Intel Skylake",
            "current_status": "RUNNING",
            "deletion_protection": false,
            "description": "",
            "desired_status": null,
            "enable_display": false,
            "guest_accelerator": [],
            "hostname": "",
            "id": "projects/f5-gcs-1299-gs-nginx-cnslt/zones/us-west1-b/instances/david-bigip2-f67f",
            "instance_id": "1513454797871577057",
            "label_fingerprint": "Ll-1FfTomfM=",
            "labels": {
              "f5_cloud_failover_label": "myfailover"
            },
            "machine_type": "n1-standard-8",
            "metadata": {
              "sshKeys": "ssh-rsa AAAAB3NzaC1yc2EAAAADAQABAAABgQC//1Y8hyMamDUYP+jD31ZtnfZmpTUJsRDIZzNmXa5A1MCNqN1TGNxMjgDOD3jy5+QL1ZYQaMziL7cKzGpkJ+ebKZWHHknXK/dPcagjPeevfdTCjeQR6MGXvWdP/BBDuXK8oqTeFUXWNzK6VFtlpJPSEDA+5wcY/uxdS9prL8tb2waEz/t+RSoCD1uViRfmHy6gA8agzgDc3SfAyIRSzF0CLi1CTJZ8csg0T8KdUvg+R6scIFjG7w2ZxejstW7VHJLuYGRXE9a9DzhFKUXmQ9nesRSaeuk2hdC4cZbQrNtKu1bpX/+oQoY0v5nZhG1IqMZtPO00hgRrKOi9NOQ2PO7yFpKi6NpxST1+Dpknexqxvru4MqG7dqBU+aWbncs5wn3m/cRyTp/FDu4VHVqKAZzTf0lA0uns65grTJarKoC1I1cIe2QojrMyfyLe6+E43OPt3BOYPw210Nhjhro9mRWRO65GSBCZ5wKVqrvvaH0u0ydUsd/bbRhvw3ZZADWIV5k= d.adasha@C02FF3F2MD6P\n"
            },
            "metadata_fingerprint": "5hTzhaSLCb4=",
            "metadata_startup_script": "#!/bin/bash\n\n# Setup console and startup-script logging\nLOG_FILE=/var/log/cloud/startup-script.log\n[[ -f $LOG_FILE ]] || /usr/bin/touch $LOG_FILE\nnpipe=/tmp/$$.tmp\n/usr/bin/trap \"rm -f $npipe\" EXIT\n/usr/bin/mknod $npipe p\n/usr/bin/tee \u003c$npipe -a $LOG_FILE /dev/ttyS0 \u0026\nexec 1\u003e\u0026-\nexec 1\u003e$npipe\nexec 2\u003e\u00261\n\n# skip startup script if already complete\nif [[ -f /config/startup_finished ]]; then\n  echo \"Onboarding complete, skip startup script\"\n  exit\nfi\n\nmkdir -p  /var/log/cloud /config/cloud /var/config/rest/downloads /var/lib/cloud/icontrollx_installs\n\n### write_files:\n# Download or Render BIG-IP Runtime Init Config\n\n\n# Create runtime configuration on first boot\nif [[ ! -f /config/nicswap_finished ]]; then\ncat \u003c\u003c 'EOF' \u003e /config/cloud/runtime-init-conf.yaml\n---\nruntime_parameters:\n  - name: USER_NAME\n    type: static\n    value: admin\n  - name: SSH_KEYS\n    type: static\n    value: ssh-rsa AAAAB3NzaC1yc2EAAAADAQABAAABgQC//1Y8hyMamDUYP+jD31ZtnfZmpTUJsRDIZzNmXa5A1MCNqN1TGNxMjgDOD3jy5+QL1ZYQaMziL7cKzGpkJ+ebKZWHHknXK/dPcagjPeevfdTCjeQR6MGXvWdP/BBDuXK8oqTeFUXWNzK6VFtlpJPSEDA+5wcY/uxdS9prL8tb2waEz/t+RSoCD1uViRfmHy6gA8agzgDc3SfAyIRSzF0CLi1CTJZ8csg0T8KdUvg+R6scIFjG7w2ZxejstW7VHJLuYGRXE9a9DzhFKUXmQ9nesRSaeuk2hdC4cZbQrNtKu1bpX/+oQoY0v5nZhG1IqMZtPO00hgRrKOi9NOQ2PO7yFpKi6NpxST1+Dpknexqxvru4MqG7dqBU+aWbncs5wn3m/cRyTp/FDu4VHVqKAZzTf0lA0uns65grTJarKoC1I1cIe2QojrMyfyLe6+E43OPt3BOYPw210Nhjhro9mRWRO65GSBCZ5wKVqrvvaH0u0ydUsd/bbRhvw3ZZADWIV5k= d.adasha@C02FF3F2MD6P\n\nEOF\n\nif false; then\n   cat \u003c\u003c 'EOF' \u003e\u003e /config/cloud/runtime-init-conf.yaml\n  - name: ADMIN_PASS\n    type: secret\n    secretProvider:\n      environment: gcp\n      type: SecretsManager\n      version: latest\n      secretId: \nEOF\nelse\n   cat \u003c\u003c 'EOF' \u003e\u003e /config/cloud/runtime-init-conf.yaml\n  - name: ADMIN_PASS\n    type: static\n    value: Dd0543470765\nEOF\nfi\n\n# Add remaining runtime_parameters\ncat \u003c\u003c 'EOF' \u003e\u003e /config/cloud/runtime-init-conf.yaml\n  - name: GATEWAY_EXTERNAL\n    type: metadata\n    metadataProvider:\n      environment: gcp\n      type: network\n      field: ip\n      index: 0\n      ipcalc: first\n  - name: NETWORK_BASE_EXTERNAL\n    type: metadata\n    metadataProvider:\n      environment: gcp\n      type: network\n      field: ip\n      index: 0\n      ipcalc: base\n  - name: NETWORK_MASK_EXTERNAL\n    type: metadata\n    metadataProvider:\n      environment: gcp\n      type: network\n      field: ip\n      index: 0\n      ipcalc: bitmask\n  - name: MTU_EXTERNAL\n    type: url\n    value: http://169.254.169.254/computeMetadata/v1/instance/network-interfaces/0/?recursive=true\n    query: mtu\n    returnType: number\n    headers:\n      - name: Metadata-Flavor\n        value: Google\n  - name: GATEWAY_INTERNAL\n    type: metadata\n    metadataProvider:\n      environment: gcp\n      type: network\n      field: ip\n      index: 2\n      ipcalc: first\n  - name: NETWORK_BASE_INTERNAL\n    type: metadata\n    metadataProvider:\n      environment: gcp\n      type: network\n      field: ip\n      index: 2\n      ipcalc: base\n  - name: NETWORK_MASK_INTERNAL\n    type: metadata\n    metadataProvider:\n      environment: gcp\n      type: network\n      field: ip\n      index: 2\n      ipcalc: bitmask\n  - name: MTU_INTERNAL\n    type: url\n    value: http://169.254.169.254/computeMetadata/v1/instance/network-interfaces/2/?recursive=true\n    query: mtu\n    returnType: number\n    headers:\n      - name: Metadata-Flavor\n        value: Google\n  - name: GATEWAY_INTERNAL2\n    type: metadata\n    metadataProvider:\n      environment: gcp\n      type: network\n      field: ip\n      index: 3\n      ipcalc: first\n  - name: NETWORK_BASE_INTERNAL2\n    type: metadata\n    metadataProvider:\n      environment: gcp\n      type: network\n      field: ip\n      index: 3\n      ipcalc: base\n  - name: NETWORK_MASK_INTERNAL2\n    type: metadata\n    metadataProvider:\n      environment: gcp\n      type: network\n      field: ip\n      index: 3\n      ipcalc: bitmask\n  - name: MTU_INTERNAL2\n    type: url\n    value: http://169.254.169.254/computeMetadata/v1/instance/network-interfaces/3/?recursive=true\n    query: mtu\n    returnType: number\n    headers:\n      - name: Metadata-Flavor\n        value: Google\n  - name: GATEWAY_INTERNAL3\n    type: metadata\n    metadataProvider:\n      environment: gcp\n      type: network\n      field: ip\n      index: 4\n      ipcalc: first\n  - name: NETWORK_BASE_INTERNAL3\n    type: metadata\n    metadataProvider:\n      environment: gcp\n      type: network\n      field: ip\n      index: 4\n      ipcalc: base\n  - name: NETWORK_MASK_INTERNAL3\n    type: metadata\n    metadataProvider:\n      environment: gcp\n      type: network\n      field: ip\n      index: 4\n      ipcalc: bitmask\n  - name: MTU_INTERNAL3\n    type: url\n    value: http://169.254.169.254/computeMetadata/v1/instance/network-interfaces/4/?recursive=true\n    query: mtu\n    returnType: number\n    headers:\n      - name: Metadata-Flavor\n        value: Google\n  - name: SELF_IP_EXTERNAL\n    type: metadata\n    metadataProvider:\n      environment: gcp\n      type: network\n      field: ip\n      index: 0\n      ipcalc: address\n  - name: SELF_IP_INTERNAL\n    type: metadata\n    metadataProvider:\n      environment: gcp\n      type: network\n      field: ip\n      index: 2\n      ipcalc: address\n  - name: SELF_IP_INTERNAL2\n    type: metadata\n    metadataProvider:\n      environment: gcp\n      type: network\n      field: ip\n      index: 3\n      ipcalc: address\n  - name: SELF_IP_INTERNAL3\n    type: metadata\n    metadataProvider:\n      environment: gcp\n      type: network\n      field: ip\n      index: 4\n      ipcalc: address\n  - name: DNS_SERVER\n    type: static\n    value: 169.254.169.254\n  - name: DNS_SUFFIX\n    type: static\n    value: example.com\n  - name: NTP_SERVER\n    type: static\n    value: 0.us.pool.ntp.org\n  - name: TIMEZONE\n    type: static\n    value: UTC\n  - name: HOST_NAME\n    type: url\n    value: http://169.254.169.254/computeMetadata/v1/instance/hostname\n    headers:\n      - name: Metadata-Flavor\n        value: Google\n  - name: HOST1\n    type: static\n    value: 10.30.0.17\n  - name: HOST2\n    type: static\n    value: 10.30.0.16\n  - name: FAILOVER_LABEL\n    type: static\n    value: myfailover\n  - name: MANAGED_ROUTE\n    type: static\n    value: 192.0.2.0/24\n  - name: REMOTE_SELF_IP_EXTERNAL\n    type: static\n    value: 10.31.0.30\n  - name: PUBLIC_VIP\n    type: static\n    value: 35.230.29.51\n  - name: PRIVATE_VIP\n    type: static\n    value: 10.31.0.31\npre_onboard_enabled:\n  - name: provision_rest\n    type: inline\n    commands:\n      - /usr/bin/setdb provision.extramb 1024\n      - /usr/bin/setdb restjavad.useextramb true\n      - /usr/bin/setdb setup.run false\nextension_packages:\n  install_operations:\n    - extensionType: do\n      extensionVersion: v1.34.0\n      extensionUrl: https://github.com/F5Networks/f5-declarative-onboarding/releases/download/v1.34.0/f5-declarative-onboarding-1.34.0-5.noarch.rpm\n    - extensionType: as3\n      extensionVersion: v3.41.0\n      extensionUrl: https://github.com/F5Networks/f5-appsvcs-extension/releases/download/v3.41.0/f5-appsvcs-3.41.0-1.noarch.rpm\n    - extensionType: cf\n      extensionVersion: v1.13.0\n      extensionUrl: https://github.com/F5Networks/f5-cloud-failover-extension/releases/download/v1.13.0/f5-cloud-failover-1.13.0-0.noarch.rpm\nextension_services:\n  service_operations:\n    - extensionType: do\n      type: inline\n      value:\n        schemaVersion: 1.0.0\n        class: Device\n        async: true\n        label: Onboard BIG-IP into an HA Pair\n        Common:\n          class: Tenant\n          dbVars:\n            class: DbVariables\n            restjavad.useextramb: true\n            provision.extramb: 1024\n            config.allow.rfc3927: enable\n            ui.advisory.enabled: true\n            ui.advisory.color: blue\n            ui.advisory.text: '{{{ HOST_NAME }}}'\n          mySystem:\n            autoPhonehome: true\n            class: System\n            hostname: '{{{ HOST_NAME }}}'\n          '{{{ USER_NAME }}}':\n            class: User\n            partitionAccess:\n              all-partitions:\n                role: admin\n            password: '{{{ ADMIN_PASS }}}'\n            shell: bash\n            userType: regular\n            keys:\n              - '{{{ SSH_KEYS }}}'\n          myDns:\n            class: DNS\n            nameServers:\n              - '{{{ DNS_SERVER }}}'\n            search:\n              - '{{{ DNS_SUFFIX }}}'\n              - f5.com\n          myNtp:\n            class: NTP\n            servers:\n              - '{{{ NTP_SERVER }}}'\n              - 1.pool.ntp.org\n              - 2.pool.ntp.org\n            timezone: '{{{ TIMEZONE }}}'\n          myProvisioning:\n            class: Provision\n            ltm: nominal\n          external:\n            class: VLAN\n            tag: 4094\n            mtu: '{{{ MTU_EXTERNAL }}}'\n            interfaces:\n              - name: '1.0'\n                tagged: false\n          external-localself:\n            class: SelfIp\n            address: '{{{ SELF_IP_EXTERNAL }}}/32'\n            vlan: external\n            allowService: default\n            trafficGroup: traffic-group-local-only\n          internal:\n            class: VLAN\n            tag: 4093\n            mtu: '{{{ MTU_INTERNAL }}}'\n            interfaces:\n              - name: '1.2'\n                tagged: false\n          internal-localself:\n            class: SelfIp\n            address: '{{{ SELF_IP_INTERNAL }}}/32'\n            vlan: internal\n            allowService: default\n            trafficGroup: traffic-group-local-only\n          internal2:\n            class: VLAN\n            tag: 4090\n            mtu: '{{{ MTU_INTERNAL2 }}}'\n            interfaces:\n              - name: '1.3'\n                tagged: false\n          internal2-localself:\n            class: SelfIp\n            address: '{{{ SELF_IP_INTERNAL2 }}}/32'\n            vlan: internal2\n            allowService: default\n            trafficGroup: traffic-group-local-only\n          internal3:\n            class: VLAN\n            tag: 4091\n            mtu: '{{{ MTU_INTERNAL2 }}}'\n            interfaces:\n              - name: '1.4'\n                tagged: false\n          internal3-localself:\n            class: SelfIp\n            address: '{{{ SELF_IP_INTERNAL3 }}}/32'\n            vlan: internal3\n            allowService: default\n            trafficGroup: traffic-group-local-only\n          ext_gw_interface:\n            class: Route\n            target: external\n            network: '{{{ GATEWAY_EXTERNAL }}}/32'\n            mtu: '{{{ MTU_EXTERNAL }}}'\n          ext_rt:\n            class: Route\n            gw: '{{{ GATEWAY_EXTERNAL }}}'\n            network: '{{{ NETWORK_BASE_EXTERNAL }}}/{{{ NETWORK_MASK_EXTERNAL }}}'\n            mtu: '{{{ MTU_EXTERNAL }}}'\n          default:\n            class: Route\n            gw: '{{{ GATEWAY_EXTERNAL }}}'\n            network: default\n            mtu: '{{{ MTU_EXTERNAL }}}'\n          int_gw_interface:\n            class: Route\n            target: internal\n            network: '{{{ GATEWAY_INTERNAL }}}/32'\n            mtu: '{{{ MTU_INTERNAL }}}'\n          int_rt:\n            class: Route\n            gw: '{{{ GATEWAY_INTERNAL }}}'\n            network: '{{{ NETWORK_BASE_INTERNAL }}}/{{{ NETWORK_MASK_INTERNAL }}}'\n            mtu: '{{{ MTU_INTERNAL }}}'\n          int2_gw_interface:\n            class: Route\n            target: internal2\n            network: '{{{ GATEWAY_INTERNAL2 }}}/32'\n            mtu: '{{{ MTU_INTERNAL2 }}}'\n          int2_rt:\n            class: Route\n            gw: '{{{ GATEWAY_INTERNAL2 }}}'\n            network: '{{{ NETWORK_BASE_INTERNAL2 }}}/{{{ NETWORK_MASK_INTERNAL2 }}}'\n            mtu: '{{{ MTU_INTERNAL2 }}}'\n          int3_gw_interface:\n            class: Route\n            target: internal3\n            network: '{{{ GATEWAY_INTERNAL3 }}}/32'\n            mtu: '{{{ MTU_INTERNAL3 }}}'\n          int3_rt:\n            class: Route\n            gw: '{{{ GATEWAY_INTERNAL3 }}}'\n            network: '{{{ NETWORK_BASE_INTERNAL3 }}}/{{{ NETWORK_MASK_INTERNAL3 }}}'\n            mtu: '{{{ MTU_INTERNAL3 }}}'\n          configsync:\n            class: ConfigSync\n            configsyncIp: /Common/internal-localself/address\n          failoverAddress:\n            class: FailoverUnicast\n            address: /Common/internal-localself/address\n          failoverGroup:\n            class: DeviceGroup\n            type: sync-failover\n            members:\n              - '{{{ HOST1 }}}'\n              - '{{{ HOST2 }}}'\n            owner: /Common/failoverGroup/members/0\n            autoSync: true\n            saveOnAutoSync: false\n            networkFailover: true\n            fullLoadOnSync: false\n            asmSync: false\n          trust:\n            class: DeviceTrust\n            localUsername: '{{{ USER_NAME }}}'\n            localPassword: '{{{ ADMIN_PASS }}}'\n            remoteHost: /Common/failoverGroup/members/0\n            remoteUsername: '{{{ USER_NAME }}}'\n            remotePassword: '{{{ ADMIN_PASS }}}'\n    - extensionType: cf\n      type: inline\n      value:\n        class: Cloud_Failover\n        environment: gcp\n        externalStorage:\n          scopingTags:\n            f5_cloud_failover_label: '{{{ FAILOVER_LABEL }}}'\n        failoverAddresses:\n          enabled: true\n          scopingTags:\n            f5_cloud_failover_label: '{{{ FAILOVER_LABEL }}}'\n        failoverRoutes:\n          enabled: true\n          scopingTags:\n            f5_cloud_failover_label: '{{{ FAILOVER_LABEL }}}'\n          scopingAddressRanges:\n            - range: '{{{ MANAGED_ROUTE }}}'\n          defaultNextHopAddresses:\n            discoveryType: static\n            items:\n              - '{{{ SELF_IP_EXTERNAL }}}'\n              - '{{{ REMOTE_SELF_IP_EXTERNAL }}}'\n    - extensionType: as3\n      type: inline\n      value:\n        class: AS3\n        action: deploy\n        persist: true\n        declaration:\n          class: ADC\n          schemaVersion: 3.0.0\n          label: Sample 1\n          remark: A HTTP sample application\n          Tenant_1:\n            class: Tenant\n            A1:\n              class: Application\n              template: http\n              serviceMain:\n                class: Service_HTTP\n                virtualAddresses:\n                  - '{{{ PUBLIC_VIP }}}'\n                  - '{{{ PRIVATE_VIP }}}'\n                pool: web_pool\n              web_pool:\n                class: Pool\n                monitors:\n                  - tcp\n                members:\n                  - servicePort: 80\n                    addressDiscovery: fqdn\n                    autoPopulate: true\n                    hostname: httpbin.org\npost_onboard_enabled:\n  - name: trigger_failover\n    type: inline\n    commands:\n    - $(nohup bash /config/failover/tgactive \u0026\u003e/dev/null \u0026)\n    - $(nohup tmsh modify cm device-group failoverGroup devices modify { '{{{ HOST2 }}}' { set-sync-leader } } \u0026\u003e/dev/null \u0026)\n    - tmsh save sys config\nEOF\nfi\n\n# Create nic_swap script when multi nic on first boot\nCOMPUTE_BASE_URL=\"http://metadata.google.internal/computeMetadata/v1\"\n\nif [[ true \u0026\u0026 ! -f /config/nicswap_finished ]]; then\n   cat \u003c\u003c 'EOF' \u003e\u003e /config/cloud/nic_swap.sh\n   #!/bin/bash\n   source /usr/lib/bigstart/bigip-ready-functions\n   wait_bigip_ready\n   echo \"before nic swapping\"\n   tmsh list sys db provision.1nicautoconfig\n   tmsh list sys db provision.managementeth\n   echo \"after nic swapping\"\n   bigstart stop tmm\n   tmsh modify sys db provision.managementeth value eth1\n   tmsh modify sys db provision.1nicautoconfig value disable\n   bigstart start tmm\n   wait_bigip_ready\n   echo \"---Mgmt interface setting---\"\n   tmsh list sys db provision.managementeth\n   tmsh list sys db provision.1nicautoconfig\n   sed -i \"s/iface0=eth0/iface0=eth1/g\" /etc/ts/common/image.cfg\n   echo \"Done changing interface\"\n   echo \"Set TMM networks\"\n   MGMTADDRESS=$(curl -s -f --retry 10 -H \"Metadata-Flavor: Google\" http://metadata.google.internal/computeMetadata/v1/instance/network-interfaces/1/ip)\n   MGMTMASK=$(curl -s -f --retry 10 -H \"Metadata-Flavor: Google\" http://metadata.google.internal/computeMetadata/v1/instance/network-interfaces/1/subnetmask)\n   MGMTGATEWAY=$(curl -s -f --retry 10 -H \"Metadata-Flavor: Google\" http://metadata.google.internal/computeMetadata/v1/instance/network-interfaces/1/gateway)\n   MGMTMTU=$(curl -s -f --retry 10 -H \"Metadata-Flavor: Google\" http://metadata.google.internal/computeMetadata/v1/instance/network-interfaces/1/mtu)\n   MGMTNETWORK=$(/bin/ipcalc -n $MGMTADDRESS $MGMTMASK | cut -d= -f2)\n   echo $MGMTADDRESS\n   echo $MGMTMASK\n   echo $MGMTGATEWAY\n   echo $MGMTMTU\n   echo $MGMTNETWORK\n   tmsh modify sys global-settings gui-setup disabled\n   tmsh modify sys global-settings mgmt-dhcp disabled\n   tmsh delete sys management-route all\n   tmsh delete sys management-ip all\n   tmsh create sys management-ip ${MGMTADDRESS}/32\n   tmsh create sys management-route mgmt_gw network ${MGMTGATEWAY}/32 type interface mtu ${MGMTMTU}\n   tmsh create sys management-route mgmt_net network ${MGMTNETWORK}/${MGMTMASK} gateway ${MGMTGATEWAY} mtu ${MGMTMTU}\n   tmsh create sys management-route default gateway ${MGMTGATEWAY} mtu ${MGMTMTU}\n   tmsh modify sys global-settings remote-host add { metadata.google.internal { hostname metadata.google.internal addr 169.254.169.254 } }\n   tmsh modify sys management-dhcp sys-mgmt-dhcp-config request-options delete { ntp-servers }\n   # JeffGiroux - Use GCP metadata server for DNS during onboarding\n   tmsh modify sys dns name-servers add { 169.254.169.254 }\n   tmsh save /sys config\n   /usr/bin/touch /config/nicswap_finished\n   reboot\nEOF\nfi\n\n# Create run_runtime_init.sh script on first boot\nif [[ ! -f /config/nicswap_finished ]]; then\n  cat \u003c\u003c 'EOF' \u003e\u003e /config/cloud/run_runtime_init.sh\n  #!/bin/bash\n  source /usr/lib/bigstart/bigip-ready-functions\n  wait_bigip_ready\n  for i in {1..30}; do\n    curl -fv --retry 1 --connect-timeout 5 -L https://cdn.f5.com/product/cloudsolutions/f5-bigip-runtime-init/v1.5.1/dist/f5-bigip-runtime-init-1.5.1-1.gz.run -o \"/var/config/rest/downloads/f5-bigip-runtime-init.gz.run\" \u0026\u0026 break || sleep 10\n  done\n  bash /var/config/rest/downloads/f5-bigip-runtime-init.gz.run -- '--cloud gcp' 2\u003e\u00261\n  /usr/local/bin/f5-bigip-runtime-init --config-file /config/cloud/runtime-init-conf.yaml 2\u003e\u00261\n  /usr/bin/touch /config/startup_finished\nEOF\nfi\n\n# Run scripts based on number of nics\nif true; then\n  if [[ -f /config/nicswap_finished ]]; then\n    echo \"Running run_runtime_init.sh\"\n    chmod +x /config/cloud/run_runtime_init.sh\n    nohup /config/cloud/run_runtime_init.sh \u0026\n  else\n    chmod +x /config/cloud/nic_swap.sh\n    nohup /config/cloud/nic_swap.sh \u0026\n  fi\nelse\n    echo \"Running run_runtime_init.sh\"\n    chmod +x /config/cloud/run_runtime_init.sh\n    nohup /config/cloud/run_runtime_init.sh \u0026\nfi",
            "min_cpu_platform": "Intel Skylake",
            "name": "david-bigip2-f67f",
            "network_interface": [
              {
                "access_config": [
                  {
                    "nat_ip": "34.168.37.78",
                    "network_tier": "PREMIUM",
                    "public_ptr_domain_name": ""
                  }
                ],
                "alias_ip_range": [],
                "ipv6_access_config": [],
                "ipv6_access_type": "",
                "name": "nic0",
                "network": "https://www.googleapis.com/compute/v1/projects/f5-gcs-1299-gs-nginx-cnslt/global/networks/david-net-ext",
                "network_ip": "10.31.0.32",
                "nic_type": "",
                "queue_count": 0,
                "stack_type": "IPV4_ONLY",
                "subnetwork": "https://www.googleapis.com/compute/v1/projects/f5-gcs-1299-gs-nginx-cnslt/regions/us-west1/subnetworks/david-subnet-ext",
                "subnetwork_project": "f5-gcs-1299-gs-nginx-cnslt"
              },
              {
                "access_config": [
                  {
                    "nat_ip": "35.197.114.1",
                    "network_tier": "PREMIUM",
                    "public_ptr_domain_name": ""
                  }
                ],
                "alias_ip_range": [],
                "ipv6_access_config": [],
                "ipv6_access_type": "",
                "name": "nic1",
                "network": "https://www.googleapis.com/compute/v1/projects/f5-gcs-1299-gs-nginx-cnslt/global/networks/david-net-mgmt",
                "network_ip": "10.30.0.16",
                "nic_type": "",
                "queue_count": 0,
                "stack_type": "IPV4_ONLY",
                "subnetwork": "https://www.googleapis.com/compute/v1/projects/f5-gcs-1299-gs-nginx-cnslt/regions/us-west1/subnetworks/david-subnet-mgmt",
                "subnetwork_project": "f5-gcs-1299-gs-nginx-cnslt"
              },
              {
                "access_config": [],
                "alias_ip_range": [],
                "ipv6_access_config": [],
                "ipv6_access_type": "",
                "name": "nic2",
                "network": "https://www.googleapis.com/compute/v1/projects/f5-gcs-1299-gs-nginx-cnslt/global/networks/david-net-int",
                "network_ip": "10.32.0.16",
                "nic_type": "",
                "queue_count": 0,
                "stack_type": "IPV4_ONLY",
                "subnetwork": "https://www.googleapis.com/compute/v1/projects/f5-gcs-1299-gs-nginx-cnslt/regions/us-west1/subnetworks/david-subnet-int",
                "subnetwork_project": "f5-gcs-1299-gs-nginx-cnslt"
              },
              {
                "access_config": [],
                "alias_ip_range": [],
                "ipv6_access_config": [],
                "ipv6_access_type": "",
                "name": "nic3",
                "network": "https://www.googleapis.com/compute/v1/projects/f5-gcs-1299-gs-nginx-cnslt/global/networks/david-net-int2",
                "network_ip": "10.33.0.18",
                "nic_type": "",
                "queue_count": 0,
                "stack_type": "IPV4_ONLY",
                "subnetwork": "https://www.googleapis.com/compute/v1/projects/f5-gcs-1299-gs-nginx-cnslt/regions/us-west1/subnetworks/david-subnet-int2",
                "subnetwork_project": "f5-gcs-1299-gs-nginx-cnslt"
              },
              {
                "access_config": [],
                "alias_ip_range": [],
                "ipv6_access_config": [],
                "ipv6_access_type": "",
                "name": "nic4",
                "network": "https://www.googleapis.com/compute/v1/projects/f5-gcs-1299-gs-nginx-cnslt/global/networks/david-net-int3",
                "network_ip": "10.34.0.16",
                "nic_type": "",
                "queue_count": 0,
                "stack_type": "IPV4_ONLY",
                "subnetwork": "https://www.googleapis.com/compute/v1/projects/f5-gcs-1299-gs-nginx-cnslt/regions/us-west1/subnetworks/david-subnet-int3",
                "subnetwork_project": "f5-gcs-1299-gs-nginx-cnslt"
              }
            ],
            "project": "f5-gcs-1299-gs-nginx-cnslt",
            "reservation_affinity": [],
            "resource_policies": null,
            "scheduling": [
              {
                "automatic_restart": true,
                "instance_termination_action": "",
                "min_node_cpus": 0,
                "node_affinities": [],
                "on_host_maintenance": "MIGRATE",
                "preemptible": false,
                "provisioning_model": "STANDARD"
              }
            ],
            "scratch_disk": [],
            "self_link": "https://www.googleapis.com/compute/v1/projects/f5-gcs-1299-gs-nginx-cnslt/zones/us-west1-b/instances/david-bigip2-f67f",
            "service_account": [
              {
                "email": "david-sa@f5-gcs-1299-gs-nginx-cnslt.iam.gserviceaccount.com",
                "scopes": [
                  "https://www.googleapis.com/auth/cloud-platform"
                ]
              }
            ],
            "shielded_instance_config": [],
            "tags": null,
            "tags_fingerprint": "42WmSpB8rSM=",
            "timeouts": null,
            "zone": "us-west1-b"
          },
          "sensitive_attributes": [],
          "private": "eyJlMmJmYjczMC1lY2FhLTExZTYtOGY4OC0zNDM2M2JjN2M0YzAiOnsiY3JlYXRlIjoxMjAwMDAwMDAwMDAwLCJkZWxldGUiOjEyMDAwMDAwMDAwMDAsInVwZGF0ZSI6MTIwMDAwMDAwMDAwMH0sInNjaGVtYV92ZXJzaW9uIjoiNiJ9",
          "dependencies": [
            "google_compute_address.ext",
            "google_compute_address.ext2",
            "google_compute_address.int2",
            "google_compute_address.int2-2",
            "google_compute_address.int2-3",
            "google_compute_address.mgt",
            "google_compute_address.mgt2",
            "google_compute_address.vip",
            "google_compute_address.vip1",
            "module.bigip2.google_compute_address.external_public_ip",
            "module.bigip2.google_compute_address.mgmt_public_ip",
            "module.bigip2.random_id.module_id",
            "module.bigip2.random_string.password",
            "random_id.buildSuffix"
          ]
        }
      ]
    },
    {
      "module": "module.bigip2",
      "mode": "managed",
      "type": "random_id",
      "name": "module_id",
      "provider": "provider[\"registry.terraform.io/hashicorp/random\"]",
      "instances": [
        {
          "schema_version": 0,
          "attributes": {
            "b64_std": "TOc=",
            "b64_url": "TOc",
            "byte_length": 2,
            "dec": "19687",
            "hex": "4ce7",
            "id": "TOc",
            "keepers": null,
            "prefix": null
          },
          "sensitive_attributes": []
        }
      ]
    },
    {
      "module": "module.bigip2",
      "mode": "managed",
      "type": "random_string",
      "name": "password",
      "provider": "provider[\"registry.terraform.io/hashicorp/random\"]",
      "instances": [
        {
          "schema_version": 2,
          "attributes": {
            "id": "kwAjVy23kEKONqnG",
            "keepers": null,
            "length": 16,
            "lower": true,
            "min_lower": 1,
            "min_numeric": 1,
            "min_special": 0,
            "min_upper": 1,
            "number": true,
            "numeric": true,
            "override_special": null,
            "result": "kwAjVy23kEKONqnG",
            "special": false,
            "upper": true
          },
          "sensitive_attributes": []
        }
      ]
    },
    {
      "module": "module.bigip2",
      "mode": "managed",
      "type": "random_string",
      "name": "sa_role",
      "provider": "provider[\"registry.terraform.io/hashicorp/random\"]",
      "instances": [
        {
          "schema_version": 2,
          "attributes": {
            "id": "qfpzsykosvczlcdl",
            "keepers": null,
            "length": 16,
            "lower": true,
            "min_lower": 1,
            "min_numeric": 0,
            "min_special": 0,
            "min_upper": 0,
            "number": false,
            "numeric": false,
            "override_special": null,
            "result": "qfpzsykosvczlcdl",
            "special": false,
            "upper": false
          },
          "sensitive_attributes": []
        }
      ]
    },
    {
      "module": "module.bigip2",
      "mode": "managed",
      "type": "time_sleep",
      "name": "wait_for_google_compute_instance_f5vm",
      "provider": "provider[\"registry.terraform.io/hashicorp/time\"]",
      "instances": [
        {
          "schema_version": 0,
          "attributes": {
            "create_duration": "30s",
            "destroy_duration": null,
            "id": "2023-03-16T16:48:17Z",
            "triggers": null
          },
          "sensitive_attributes": [],
          "dependencies": [
            "google_compute_address.ext",
            "google_compute_address.ext2",
            "google_compute_address.int2",
            "google_compute_address.int2-2",
            "google_compute_address.int2-3",
            "google_compute_address.mgt",
            "google_compute_address.mgt2",
            "google_compute_address.vip",
            "google_compute_address.vip1",
            "module.bigip2.google_compute_address.external_public_ip",
            "module.bigip2.google_compute_address.mgmt_public_ip",
            "module.bigip2.google_compute_instance.f5vm01",
            "module.bigip2.random_id.module_id",
            "module.bigip2.random_string.password",
            "random_id.buildSuffix"
          ]
        }
      ]
    }
  ],
  "check_results": null
}
